// !$*UTF8*$!
{
	archiveVersion = 1;
	classes = {
	};
	objectVersion = 46;
	objects = {

/* Begin PBXBuildFile section */
		5606FDE51AF9A9F500124DAF /* StartViewController.swift in Sources */ = {isa = PBXBuildFile; fileRef = 5606FDE41AF9A9F500124DAF /* StartViewController.swift */; };
		5606FDED1AF9BDDB00124DAF /* StoreViewController.swift in Sources */ = {isa = PBXBuildFile; fileRef = 5606FDEC1AF9BDDB00124DAF /* StoreViewController.swift */; };
		5606FDEF1AFACA9500124DAF /* SettingsViewController.swift in Sources */ = {isa = PBXBuildFile; fileRef = 5606FDEE1AFACA9500124DAF /* SettingsViewController.swift */; };
		5606FDF11AFB282900124DAF /* woosh.wav in Resources */ = {isa = PBXBuildFile; fileRef = 5606FDF01AFB282900124DAF /* woosh.wav */; };
		5606FDF51AFC56FC00124DAF /* iAd.framework in Frameworks */ = {isa = PBXBuildFile; fileRef = 5606FDF41AFC56FC00124DAF /* iAd.framework */; };
		5606FE251B03FDBB00124DAF /* StoreKit.framework in Frameworks */ = {isa = PBXBuildFile; fileRef = 565B9C331AD209FD0059D250 /* StoreKit.framework */; };
		5624C8271CDA880D001CBD3C /* StoreScene.swift in Sources */ = {isa = PBXBuildFile; fileRef = 5624C8261CDA880D001CBD3C /* StoreScene.swift */; };
		5624C8291CDA881E001CBD3C /* SettingsScene.swift in Sources */ = {isa = PBXBuildFile; fileRef = 5624C8281CDA881E001CBD3C /* SettingsScene.swift */; };
		5624C82B1CDA883E001CBD3C /* FFSwitch.swift in Sources */ = {isa = PBXBuildFile; fileRef = 5624C82A1CDA883E001CBD3C /* FFSwitch.swift */; };
		5624C82D1CDA8F78001CBD3C /* SettingsScene.sks in Resources */ = {isa = PBXBuildFile; fileRef = 5624C82C1CDA8F78001CBD3C /* SettingsScene.sks */; };
		5624C82F1CDA8F8B001CBD3C /* StoreScene.sks in Resources */ = {isa = PBXBuildFile; fileRef = 5624C82E1CDA8F8B001CBD3C /* StoreScene.sks */; };
		5624C8311CDA9EC8001CBD3C /* PurchaseItem.swift in Sources */ = {isa = PBXBuildFile; fileRef = 5624C8301CDA9EC8001CBD3C /* PurchaseItem.swift */; };
		5624C8331CDAAC78001CBD3C /* PurchasesList.plist in Resources */ = {isa = PBXBuildFile; fileRef = 5624C8321CDAAC78001CBD3C /* PurchasesList.plist */; };
		5624C8351CDAD45F001CBD3C /* Plist.swift in Sources */ = {isa = PBXBuildFile; fileRef = 5624C8341CDAD45F001CBD3C /* Plist.swift */; };
		5624C8371CDAE516001CBD3C /* Test.plist in Resources */ = {isa = PBXBuildFile; fileRef = 5624C8361CDAE516001CBD3C /* Test.plist */; };
		5628971C1CE6493F005CCE5F /* FFButton.swift in Sources */ = {isa = PBXBuildFile; fileRef = 5628971B1CE6493F005CCE5F /* FFButton.swift */; };
		5628971E1CE65768005CCE5F /* IAP.swift in Sources */ = {isa = PBXBuildFile; fileRef = 5628971D1CE65768005CCE5F /* IAP.swift */; };
		56581C9D1CD86B03009BF7B0 /* GameData.swift in Sources */ = {isa = PBXBuildFile; fileRef = 56581C9C1CD86B03009BF7B0 /* GameData.swift */; };
		565B9BEC1ACC75900059D250 /* Constants.swift in Sources */ = {isa = PBXBuildFile; fileRef = 565B9BEB1ACC75900059D250 /* Constants.swift */; };
		565B9C1E1AD0BCD10059D250 /* Impact_Label_Reversed.ttf in Resources */ = {isa = PBXBuildFile; fileRef = 565B9C1D1AD0BCD10059D250 /* Impact_Label_Reversed.ttf */; };
		565B9C2B1AD10A4A0059D250 /* Impact_Label.ttf in Resources */ = {isa = PBXBuildFile; fileRef = 565B9C2A1AD10A4A0059D250 /* Impact_Label.ttf */; };
		5680778C1CD90CF300976969 /* GameKitHelper.swift in Sources */ = {isa = PBXBuildFile; fileRef = 5680778B1CD90CF300976969 /* GameKitHelper.swift */; };
		5680778E1CD919E100976969 /* StartScene.swift in Sources */ = {isa = PBXBuildFile; fileRef = 5680778D1CD919E100976969 /* StartScene.swift */; };
		5699B9171CD9705700A33748 /* LaunchScreen.storyboard in Resources */ = {isa = PBXBuildFile; fileRef = 5699B9161CD9705700A33748 /* LaunchScreen.storyboard */; };
		56B172B91AC1D55F004575DD /* AppDelegate.swift in Sources */ = {isa = PBXBuildFile; fileRef = 56B172B81AC1D55F004575DD /* AppDelegate.swift */; };
		56B172BB1AC1D55F004575DD /* GameScene.sks in Resources */ = {isa = PBXBuildFile; fileRef = 56B172BA1AC1D55F004575DD /* GameScene.sks */; };
		56B172C41AC1D55F004575DD /* Images.xcassets in Resources */ = {isa = PBXBuildFile; fileRef = 56B172C31AC1D55F004575DD /* Images.xcassets */; };
		56B8D78F1CD941B100CE21B8 /* GameOverScene.swift in Sources */ = {isa = PBXBuildFile; fileRef = 56B8D78E1CD941B100CE21B8 /* GameOverScene.swift */; };
		56B8D7911CD941ED00CE21B8 /* StartScene.sks in Resources */ = {isa = PBXBuildFile; fileRef = 56B8D7901CD941ED00CE21B8 /* StartScene.sks */; };
		56B8D7931CD941FA00CE21B8 /* GameOverScene.sks in Resources */ = {isa = PBXBuildFile; fileRef = 56B8D7921CD941FA00CE21B8 /* GameOverScene.sks */; };
		56B8D7951CD94B9E00CE21B8 /* PlayScene.swift in Sources */ = {isa = PBXBuildFile; fileRef = 56B8D7941CD94B9E00CE21B8 /* PlayScene.swift */; };
		56B8D7971CD95E9300CE21B8 /* PlayScene.sks in Resources */ = {isa = PBXBuildFile; fileRef = 56B8D7961CD95E9300CE21B8 /* PlayScene.sks */; };
		56B8D7991CD9631500CE21B8 /* GameKit.framework in Frameworks */ = {isa = PBXBuildFile; fileRef = 56B8D7981CD9631500CE21B8 /* GameKit.framework */; };
		56CE197A1CD7E333000E015B /* Tile.swift in Sources */ = {isa = PBXBuildFile; fileRef = 56CE19791CD7E333000E015B /* Tile.swift */; };
		56CE197C1CD83DE5000E015B /* Grid.swift in Sources */ = {isa = PBXBuildFile; fileRef = 56CE197B1CD83DE5000E015B /* Grid.swift */; };
		56D71CC81CDD0C8C0097F1F0 /* Wheel.swift in Sources */ = {isa = PBXBuildFile; fileRef = 56D71CC71CDD0C8C0097F1F0 /* Wheel.swift */; };
		56DD3FD41AF2AA6A00CC2C80 /* Social.framework in Frameworks */ = {isa = PBXBuildFile; fileRef = 56DD3FD31AF2AA6A00CC2C80 /* Social.framework */; };
		56EBDE291AF8462900E7FDE1 /* Security.framework in Frameworks */ = {isa = PBXBuildFile; fileRef = 56EBDE281AF8462900E7FDE1 /* Security.framework */; };
		56EBDE311AF853B300E7FDE1 /* SystemConfiguration.framework in Frameworks */ = {isa = PBXBuildFile; fileRef = 56EBDE2F1AF8526300E7FDE1 /* SystemConfiguration.framework */; };
		56FBE69B1CD884E900AD1A81 /* Main.storyboard in Resources */ = {isa = PBXBuildFile; fileRef = 56FBE6991CD884E900AD1A81 /* Main.storyboard */; };
/* End PBXBuildFile section */

/* Begin PBXFileReference section */
		5606FDE41AF9A9F500124DAF /* StartViewController.swift */ = {isa = PBXFileReference; fileEncoding = 4; lastKnownFileType = sourcecode.swift; path = StartViewController.swift; sourceTree = "<group>"; };
		5606FDEC1AF9BDDB00124DAF /* StoreViewController.swift */ = {isa = PBXFileReference; fileEncoding = 4; lastKnownFileType = sourcecode.swift; path = StoreViewController.swift; sourceTree = "<group>"; };
		5606FDEE1AFACA9500124DAF /* SettingsViewController.swift */ = {isa = PBXFileReference; fileEncoding = 4; lastKnownFileType = sourcecode.swift; path = SettingsViewController.swift; sourceTree = "<group>"; };
		5606FDF01AFB282900124DAF /* woosh.wav */ = {isa = PBXFileReference; lastKnownFileType = audio.wav; path = woosh.wav; sourceTree = "<group>"; };
		5606FDF41AFC56FC00124DAF /* iAd.framework */ = {isa = PBXFileReference; lastKnownFileType = wrapper.framework; name = iAd.framework; path = System/Library/Frameworks/iAd.framework; sourceTree = SDKROOT; };
		5624C8261CDA880D001CBD3C /* StoreScene.swift */ = {isa = PBXFileReference; fileEncoding = 4; lastKnownFileType = sourcecode.swift; path = StoreScene.swift; sourceTree = "<group>"; };
		5624C8281CDA881E001CBD3C /* SettingsScene.swift */ = {isa = PBXFileReference; fileEncoding = 4; lastKnownFileType = sourcecode.swift; path = SettingsScene.swift; sourceTree = "<group>"; };
		5624C82A1CDA883E001CBD3C /* FFSwitch.swift */ = {isa = PBXFileReference; fileEncoding = 4; lastKnownFileType = sourcecode.swift; path = FFSwitch.swift; sourceTree = "<group>"; };
		5624C82C1CDA8F78001CBD3C /* SettingsScene.sks */ = {isa = PBXFileReference; lastKnownFileType = file.sks; path = SettingsScene.sks; sourceTree = "<group>"; };
		5624C82E1CDA8F8B001CBD3C /* StoreScene.sks */ = {isa = PBXFileReference; lastKnownFileType = file.sks; path = StoreScene.sks; sourceTree = "<group>"; };
		5624C8301CDA9EC8001CBD3C /* PurchaseItem.swift */ = {isa = PBXFileReference; fileEncoding = 4; lastKnownFileType = sourcecode.swift; path = PurchaseItem.swift; sourceTree = "<group>"; };
		5624C8321CDAAC78001CBD3C /* PurchasesList.plist */ = {isa = PBXFileReference; fileEncoding = 4; lastKnownFileType = text.plist.xml; path = PurchasesList.plist; sourceTree = "<group>"; };
		5624C8341CDAD45F001CBD3C /* Plist.swift */ = {isa = PBXFileReference; fileEncoding = 4; lastKnownFileType = sourcecode.swift; path = Plist.swift; sourceTree = "<group>"; };
		5624C8361CDAE516001CBD3C /* Test.plist */ = {isa = PBXFileReference; fileEncoding = 4; lastKnownFileType = text.plist.xml; path = Test.plist; sourceTree = "<group>"; };
		5628971B1CE6493F005CCE5F /* FFButton.swift */ = {isa = PBXFileReference; fileEncoding = 4; lastKnownFileType = sourcecode.swift; path = FFButton.swift; sourceTree = "<group>"; };
		5628971D1CE65768005CCE5F /* IAP.swift */ = {isa = PBXFileReference; fileEncoding = 4; lastKnownFileType = sourcecode.swift; path = IAP.swift; sourceTree = "<group>"; };
		56581C9C1CD86B03009BF7B0 /* GameData.swift */ = {isa = PBXFileReference; fileEncoding = 4; lastKnownFileType = sourcecode.swift; path = GameData.swift; sourceTree = "<group>"; };
		565B9BEB1ACC75900059D250 /* Constants.swift */ = {isa = PBXFileReference; fileEncoding = 4; lastKnownFileType = sourcecode.swift; path = Constants.swift; sourceTree = "<group>"; };
		565B9C1D1AD0BCD10059D250 /* Impact_Label_Reversed.ttf */ = {isa = PBXFileReference; lastKnownFileType = file; path = Impact_Label_Reversed.ttf; sourceTree = "<group>"; };
		565B9C2A1AD10A4A0059D250 /* Impact_Label.ttf */ = {isa = PBXFileReference; lastKnownFileType = file; path = Impact_Label.ttf; sourceTree = "<group>"; };
		565B9C331AD209FD0059D250 /* StoreKit.framework */ = {isa = PBXFileReference; lastKnownFileType = wrapper.framework; name = StoreKit.framework; path = System/Library/Frameworks/StoreKit.framework; sourceTree = SDKROOT; };
		5680778B1CD90CF300976969 /* GameKitHelper.swift */ = {isa = PBXFileReference; fileEncoding = 4; lastKnownFileType = sourcecode.swift; path = GameKitHelper.swift; sourceTree = "<group>"; };
		5680778D1CD919E100976969 /* StartScene.swift */ = {isa = PBXFileReference; fileEncoding = 4; lastKnownFileType = sourcecode.swift; path = StartScene.swift; sourceTree = "<group>"; };
		5699B9161CD9705700A33748 /* LaunchScreen.storyboard */ = {isa = PBXFileReference; fileEncoding = 4; lastKnownFileType = file.storyboard; path = LaunchScreen.storyboard; sourceTree = "<group>"; };
		56B172B31AC1D55F004575DD /* FiveByFive.app */ = {isa = PBXFileReference; explicitFileType = wrapper.application; includeInIndex = 0; path = FiveByFive.app; sourceTree = BUILT_PRODUCTS_DIR; };
		56B172B71AC1D55F004575DD /* Info.plist */ = {isa = PBXFileReference; lastKnownFileType = text.plist.xml; path = Info.plist; sourceTree = "<group>"; };
		56B172B81AC1D55F004575DD /* AppDelegate.swift */ = {isa = PBXFileReference; lastKnownFileType = sourcecode.swift; path = AppDelegate.swift; sourceTree = "<group>"; };
		56B172BA1AC1D55F004575DD /* GameScene.sks */ = {isa = PBXFileReference; lastKnownFileType = file.sks; path = GameScene.sks; sourceTree = "<group>"; };
		56B172C31AC1D55F004575DD /* Images.xcassets */ = {isa = PBXFileReference; lastKnownFileType = folder.assetcatalog; path = Images.xcassets; sourceTree = "<group>"; };
		56B172D11AC1D55F004575DD /* Info.plist */ = {isa = PBXFileReference; lastKnownFileType = text.plist.xml; path = Info.plist; sourceTree = "<group>"; };
		56B172D21AC1D55F004575DD /* FiveByFiveTests.swift */ = {isa = PBXFileReference; lastKnownFileType = sourcecode.swift; path = FiveByFiveTests.swift; sourceTree = "<group>"; };
		56B8D78E1CD941B100CE21B8 /* GameOverScene.swift */ = {isa = PBXFileReference; fileEncoding = 4; lastKnownFileType = sourcecode.swift; path = GameOverScene.swift; sourceTree = "<group>"; };
		56B8D7901CD941ED00CE21B8 /* StartScene.sks */ = {isa = PBXFileReference; lastKnownFileType = file.sks; path = StartScene.sks; sourceTree = "<group>"; };
		56B8D7921CD941FA00CE21B8 /* GameOverScene.sks */ = {isa = PBXFileReference; lastKnownFileType = file.sks; path = GameOverScene.sks; sourceTree = "<group>"; };
		56B8D7941CD94B9E00CE21B8 /* PlayScene.swift */ = {isa = PBXFileReference; fileEncoding = 4; lastKnownFileType = sourcecode.swift; path = PlayScene.swift; sourceTree = "<group>"; };
		56B8D7961CD95E9300CE21B8 /* PlayScene.sks */ = {isa = PBXFileReference; lastKnownFileType = file.sks; path = PlayScene.sks; sourceTree = "<group>"; };
		56B8D7981CD9631500CE21B8 /* GameKit.framework */ = {isa = PBXFileReference; lastKnownFileType = wrapper.framework; name = GameKit.framework; path = System/Library/Frameworks/GameKit.framework; sourceTree = SDKROOT; };
		56CE19791CD7E333000E015B /* Tile.swift */ = {isa = PBXFileReference; fileEncoding = 4; lastKnownFileType = sourcecode.swift; path = Tile.swift; sourceTree = "<group>"; };
		56CE197B1CD83DE5000E015B /* Grid.swift */ = {isa = PBXFileReference; fileEncoding = 4; lastKnownFileType = sourcecode.swift; path = Grid.swift; sourceTree = "<group>"; };
		56D71CC71CDD0C8C0097F1F0 /* Wheel.swift */ = {isa = PBXFileReference; fileEncoding = 4; lastKnownFileType = sourcecode.swift; path = Wheel.swift; sourceTree = "<group>"; };
		56DD3FD31AF2AA6A00CC2C80 /* Social.framework */ = {isa = PBXFileReference; lastKnownFileType = wrapper.framework; name = Social.framework; path = System/Library/Frameworks/Social.framework; sourceTree = SDKROOT; };
		56EBDE281AF8462900E7FDE1 /* Security.framework */ = {isa = PBXFileReference; lastKnownFileType = wrapper.framework; name = Security.framework; path = System/Library/Frameworks/Security.framework; sourceTree = SDKROOT; };
		56EBDE2F1AF8526300E7FDE1 /* SystemConfiguration.framework */ = {isa = PBXFileReference; lastKnownFileType = wrapper.framework; name = SystemConfiguration.framework; path = System/Library/Frameworks/SystemConfiguration.framework; sourceTree = SDKROOT; };
		56FBE69A1CD884E900AD1A81 /* Base */ = {isa = PBXFileReference; lastKnownFileType = file.storyboard; name = Base; path = Base.lproj/Main.storyboard; sourceTree = "<group>"; };
/* End PBXFileReference section */

/* Begin PBXFrameworksBuildPhase section */
		56B172B01AC1D55F004575DD /* Frameworks */ = {
			isa = PBXFrameworksBuildPhase;
			buildActionMask = 2147483647;
			files = (
				5606FDF51AFC56FC00124DAF /* iAd.framework in Frameworks */,
				5606FE251B03FDBB00124DAF /* StoreKit.framework in Frameworks */,
				56EBDE311AF853B300E7FDE1 /* SystemConfiguration.framework in Frameworks */,
				56B8D7991CD9631500CE21B8 /* GameKit.framework in Frameworks */,
				56EBDE291AF8462900E7FDE1 /* Security.framework in Frameworks */,
				56DD3FD41AF2AA6A00CC2C80 /* Social.framework in Frameworks */,
			);
			runOnlyForDeploymentPostprocessing = 0;
		};
/* End PBXFrameworksBuildPhase section */

/* Begin PBXGroup section */
		56321D871CD7CE4A0033357C /* Shared */ = {
			isa = PBXGroup;
			children = (
				565B9BEB1ACC75900059D250 /* Constants.swift */,
				56581C9C1CD86B03009BF7B0 /* GameData.swift */,
				5680778B1CD90CF300976969 /* GameKitHelper.swift */,
				5628971D1CE65768005CCE5F /* IAP.swift */,
			);
			name = Shared;
			sourceTree = "<group>";
		};
		56321D881CD7CE5C0033357C /* SceneAssets */ = {
			isa = PBXGroup;
			children = (
				56B172BA1AC1D55F004575DD /* GameScene.sks */,
				56B8D7901CD941ED00CE21B8 /* StartScene.sks */,
				56B8D7921CD941FA00CE21B8 /* GameOverScene.sks */,
				56B8D7961CD95E9300CE21B8 /* PlayScene.sks */,
				5624C82C1CDA8F78001CBD3C /* SettingsScene.sks */,
				5624C82E1CDA8F8B001CBD3C /* StoreScene.sks */,
			);
			name = SceneAssets;
			sourceTree = "<group>";
		};
		5699B9151CD96BC000A33748 /* Frameworks */ = {
			isa = PBXGroup;
			children = (
				5606FDF41AFC56FC00124DAF /* iAd.framework */,
				56EBDE2F1AF8526300E7FDE1 /* SystemConfiguration.framework */,
				56EBDE281AF8462900E7FDE1 /* Security.framework */,
				56DD3FD31AF2AA6A00CC2C80 /* Social.framework */,
				565B9C331AD209FD0059D250 /* StoreKit.framework */,
				56B8D7981CD9631500CE21B8 /* GameKit.framework */,
			);
			name = Frameworks;
			sourceTree = "<group>";
		};
		5699B9181CD9BF5900A33748 /* To Be Deleted */ = {
			isa = PBXGroup;
			children = (
				5606FDEC1AF9BDDB00124DAF /* StoreViewController.swift */,
				5606FDEE1AFACA9500124DAF /* SettingsViewController.swift */,
			);
			name = "To Be Deleted";
			sourceTree = "<group>";
		};
		56B172AA1AC1D55F004575DD = {
			isa = PBXGroup;
			children = (
				56B172B51AC1D55F004575DD /* FiveByFive */,
				56B172CF1AC1D55F004575DD /* FiveByFiveTests */,
				56B172B41AC1D55F004575DD /* Products */,
			);
			sourceTree = "<group>";
		};
		56B172B41AC1D55F004575DD /* Products */ = {
			isa = PBXGroup;
			children = (
				56B172B31AC1D55F004575DD /* FiveByFive.app */,
			);
			name = Products;
			sourceTree = "<group>";
		};
		56B172B51AC1D55F004575DD /* FiveByFive */ = {
			isa = PBXGroup;
			children = (
				5699B9181CD9BF5900A33748 /* To Be Deleted */,
				56B172B81AC1D55F004575DD /* AppDelegate.swift */,
				56FBE6991CD884E900AD1A81 /* Main.storyboard */,
				56321D871CD7CE4A0033357C /* Shared */,
				5606FDE41AF9A9F500124DAF /* StartViewController.swift */,
				56D71CCA1CDD0CA90097F1F0 /* Scenes */,
				56D71CC91CDD0C980097F1F0 /* Objects */,
				5624C8321CDAAC78001CBD3C /* PurchasesList.plist */,
				56321D881CD7CE5C0033357C /* SceneAssets */,
				56B172C31AC1D55F004575DD /* Images.xcassets */,
				5699B9161CD9705700A33748 /* LaunchScreen.storyboard */,
				56B172B61AC1D55F004575DD /* Supporting Files */,
				5699B9151CD96BC000A33748 /* Frameworks */,
				5624C8361CDAE516001CBD3C /* Test.plist */,
			);
			path = FiveByFive;
			sourceTree = "<group>";
		};
		56B172B61AC1D55F004575DD /* Supporting Files */ = {
			isa = PBXGroup;
			children = (
				5606FDF01AFB282900124DAF /* woosh.wav */,
				565B9C2A1AD10A4A0059D250 /* Impact_Label.ttf */,
				565B9C1D1AD0BCD10059D250 /* Impact_Label_Reversed.ttf */,
				56B172B71AC1D55F004575DD /* Info.plist */,
			);
			name = "Supporting Files";
			sourceTree = "<group>";
		};
		56B172CF1AC1D55F004575DD /* FiveByFiveTests */ = {
			isa = PBXGroup;
			children = (
				56B172D21AC1D55F004575DD /* FiveByFiveTests.swift */,
				56B172D01AC1D55F004575DD /* Supporting Files */,
			);
			path = FiveByFiveTests;
			sourceTree = "<group>";
		};
		56B172D01AC1D55F004575DD /* Supporting Files */ = {
			isa = PBXGroup;
			children = (
				56B172D11AC1D55F004575DD /* Info.plist */,
			);
			name = "Supporting Files";
			sourceTree = "<group>";
		};
		56D71CC91CDD0C980097F1F0 /* Objects */ = {
			isa = PBXGroup;
			children = (
				56D71CC71CDD0C8C0097F1F0 /* Wheel.swift */,
				56CE197B1CD83DE5000E015B /* Grid.swift */,
				56CE19791CD7E333000E015B /* Tile.swift */,
				5624C82A1CDA883E001CBD3C /* FFSwitch.swift */,
				5624C8301CDA9EC8001CBD3C /* PurchaseItem.swift */,
				5624C8341CDAD45F001CBD3C /* Plist.swift */,
				5628971B1CE6493F005CCE5F /* FFButton.swift */,
			);
			name = Objects;
			sourceTree = "<group>";
		};
		56D71CCA1CDD0CA90097F1F0 /* Scenes */ = {
			isa = PBXGroup;
			children = (
				5680778D1CD919E100976969 /* StartScene.swift */,
				56B8D7941CD94B9E00CE21B8 /* PlayScene.swift */,
				56B8D78E1CD941B100CE21B8 /* GameOverScene.swift */,
				5624C8261CDA880D001CBD3C /* StoreScene.swift */,
				5624C8281CDA881E001CBD3C /* SettingsScene.swift */,
			);
			name = Scenes;
			sourceTree = "<group>";
		};
/* End PBXGroup section */

/* Begin PBXNativeTarget section */
		56B172B21AC1D55F004575DD /* FiveByFive */ = {
			isa = PBXNativeTarget;
			buildConfigurationList = 56B172D61AC1D55F004575DD /* Build configuration list for PBXNativeTarget "FiveByFive" */;
			buildPhases = (
				56B172AF1AC1D55F004575DD /* Sources */,
				56B172B01AC1D55F004575DD /* Frameworks */,
				56B172B11AC1D55F004575DD /* Resources */,
				56B172EF1AC1E888004575DD /* ShellScript */,
			);
			buildRules = (
			);
			dependencies = (
			);
			name = FiveByFive;
			productName = FiveByFive;
			productReference = 56B172B31AC1D55F004575DD /* FiveByFive.app */;
			productType = "com.apple.product-type.application";
		};
/* End PBXNativeTarget section */

/* Begin PBXProject section */
		56B172AB1AC1D55F004575DD /* Project object */ = {
			isa = PBXProject;
			attributes = {
				LastSwiftUpdateCheck = 0700;
				LastUpgradeCheck = 0700;
				ORGANIZATIONNAME = "Nick Cracchiolo";
				TargetAttributes = {
					56B172B21AC1D55F004575DD = {
						CreatedOnToolsVersion = 6.2;
						DevelopmentTeam = 77TV63F6JF;
						SystemCapabilities = {
							com.apple.GameCenter = {
								enabled = 1;
							};
							com.apple.InAppPurchase = {
								enabled = 1;
							};
						};
					};
				};
			};
			buildConfigurationList = 56B172AE1AC1D55F004575DD /* Build configuration list for PBXProject "FiveByFive" */;
			compatibilityVersion = "Xcode 3.2";
			developmentRegion = English;
			hasScannedForEncodings = 0;
			knownRegions = (
				en,
				Base,
			);
			mainGroup = 56B172AA1AC1D55F004575DD;
			productRefGroup = 56B172B41AC1D55F004575DD /* Products */;
			projectDirPath = "";
			projectRoot = "";
			targets = (
				56B172B21AC1D55F004575DD /* FiveByFive */,
			);
		};
/* End PBXProject section */

/* Begin PBXResourcesBuildPhase section */
		56B172B11AC1D55F004575DD /* Resources */ = {
			isa = PBXResourcesBuildPhase;
			buildActionMask = 2147483647;
			files = (
				56FBE69B1CD884E900AD1A81 /* Main.storyboard in Resources */,
				56B172C41AC1D55F004575DD /* Images.xcassets in Resources */,
				56B8D7911CD941ED00CE21B8 /* StartScene.sks in Resources */,
				56B172BB1AC1D55F004575DD /* GameScene.sks in Resources */,
				5606FDF11AFB282900124DAF /* woosh.wav in Resources */,
				56B8D7971CD95E9300CE21B8 /* PlayScene.sks in Resources */,
				5699B9171CD9705700A33748 /* LaunchScreen.storyboard in Resources */,
				5624C82F1CDA8F8B001CBD3C /* StoreScene.sks in Resources */,
				5624C8371CDAE516001CBD3C /* Test.plist in Resources */,
				565B9C1E1AD0BCD10059D250 /* Impact_Label_Reversed.ttf in Resources */,
				5624C8331CDAAC78001CBD3C /* PurchasesList.plist in Resources */,
				565B9C2B1AD10A4A0059D250 /* Impact_Label.ttf in Resources */,
				5624C82D1CDA8F78001CBD3C /* SettingsScene.sks in Resources */,
				56B8D7931CD941FA00CE21B8 /* GameOverScene.sks in Resources */,
			);
			runOnlyForDeploymentPostprocessing = 0;
		};
/* End PBXResourcesBuildPhase section */

/* Begin PBXShellScriptBuildPhase section */
		56B172EF1AC1E888004575DD /* ShellScript */ = {
			isa = PBXShellScriptBuildPhase;
			buildActionMask = 2147483647;
			files = (
			);
			inputPaths = (
			);
			outputPaths = (
			);
			runOnlyForDeploymentPostprocessing = 0;
			shellPath = /bin/bash;
			shellScript = "#!/bin/bash\nbuildNumber=$(/usr/libexec/PlistBuddy -c \"Print CFBundleVersion\" \"$INFOPLIST_FILE\")\nbuildNumber=$(($buildNumber + 1))\n/usr/libexec/PlistBuddy -c \"Set :CFBundleVersion $buildNumber\" \"$INFOPLIST_FILE\"";
		};
/* End PBXShellScriptBuildPhase section */

/* Begin PBXSourcesBuildPhase section */
		56B172AF1AC1D55F004575DD /* Sources */ = {
			isa = PBXSourcesBuildPhase;
			buildActionMask = 2147483647;
			files = (
				5606FDED1AF9BDDB00124DAF /* StoreViewController.swift in Sources */,
				5628971C1CE6493F005CCE5F /* FFButton.swift in Sources */,
				5624C82B1CDA883E001CBD3C /* FFSwitch.swift in Sources */,
				56B8D7951CD94B9E00CE21B8 /* PlayScene.swift in Sources */,
				5606FDE51AF9A9F500124DAF /* StartViewController.swift in Sources */,
				56B8D78F1CD941B100CE21B8 /* GameOverScene.swift in Sources */,
				56CE197C1CD83DE5000E015B /* Grid.swift in Sources */,
				5680778C1CD90CF300976969 /* GameKitHelper.swift in Sources */,
				56581C9D1CD86B03009BF7B0 /* GameData.swift in Sources */,
				5624C8271CDA880D001CBD3C /* StoreScene.swift in Sources */,
				565B9BEC1ACC75900059D250 /* Constants.swift in Sources */,
				5680778E1CD919E100976969 /* StartScene.swift in Sources */,
				56CE197A1CD7E333000E015B /* Tile.swift in Sources */,
				5624C8291CDA881E001CBD3C /* SettingsScene.swift in Sources */,
				5624C8351CDAD45F001CBD3C /* Plist.swift in Sources */,
				5628971E1CE65768005CCE5F /* IAP.swift in Sources */,
				56B172B91AC1D55F004575DD /* AppDelegate.swift in Sources */,
				5606FDEF1AFACA9500124DAF /* SettingsViewController.swift in Sources */,
				56D71CC81CDD0C8C0097F1F0 /* Wheel.swift in Sources */,
				5624C8311CDA9EC8001CBD3C /* PurchaseItem.swift in Sources */,
			);
			runOnlyForDeploymentPostprocessing = 0;
		};
/* End PBXSourcesBuildPhase section */

/* Begin PBXVariantGroup section */
		56FBE6991CD884E900AD1A81 /* Main.storyboard */ = {
			isa = PBXVariantGroup;
			children = (
				56FBE69A1CD884E900AD1A81 /* Base */,
			);
			name = Main.storyboard;
			sourceTree = "<group>";
		};
/* End PBXVariantGroup section */

/* Begin XCBuildConfiguration section */
		56B172D41AC1D55F004575DD /* Debug */ = {
			isa = XCBuildConfiguration;
			buildSettings = {
				ALWAYS_SEARCH_USER_PATHS = NO;
				CLANG_CXX_LANGUAGE_STANDARD = "gnu++0x";
				CLANG_CXX_LIBRARY = "libc++";
				CLANG_ENABLE_MODULES = YES;
				CLANG_ENABLE_OBJC_ARC = YES;
				CLANG_WARN_BOOL_CONVERSION = YES;
				CLANG_WARN_CONSTANT_CONVERSION = YES;
				CLANG_WARN_DIRECT_OBJC_ISA_USAGE = YES_ERROR;
				CLANG_WARN_EMPTY_BODY = YES;
				CLANG_WARN_ENUM_CONVERSION = YES;
				CLANG_WARN_INT_CONVERSION = YES;
				CLANG_WARN_OBJC_ROOT_CLASS = YES_ERROR;
				CLANG_WARN_UNREACHABLE_CODE = YES;
				CLANG_WARN__DUPLICATE_METHOD_MATCH = YES;
				"CODE_SIGN_IDENTITY[sdk=iphoneos*]" = "iPhone Developer";
				COPY_PHASE_STRIP = NO;
				ENABLE_STRICT_OBJC_MSGSEND = YES;
				ENABLE_TESTABILITY = YES;
				GCC_C_LANGUAGE_STANDARD = gnu99;
				GCC_DYNAMIC_NO_PIC = NO;
				GCC_OPTIMIZATION_LEVEL = 0;
				GCC_PREPROCESSOR_DEFINITIONS = (
					"DEBUG=1",
					"$(inherited)",
				);
				GCC_SYMBOLS_PRIVATE_EXTERN = NO;
				GCC_WARN_64_TO_32_BIT_CONVERSION = YES;
				GCC_WARN_ABOUT_RETURN_TYPE = YES_ERROR;
				GCC_WARN_UNDECLARED_SELECTOR = YES;
				GCC_WARN_UNINITIALIZED_AUTOS = YES_AGGRESSIVE;
				GCC_WARN_UNUSED_FUNCTION = YES;
				GCC_WARN_UNUSED_VARIABLE = YES;
				IPHONEOS_DEPLOYMENT_TARGET = 8.2;
				MTL_ENABLE_DEBUG_INFO = YES;
				ONLY_ACTIVE_ARCH = YES;
				SDKROOT = iphoneos;
				SWIFT_OPTIMIZATION_LEVEL = "-Onone";
				TARGETED_DEVICE_FAMILY = "1,2";
			};
			name = Debug;
		};
		56B172D51AC1D55F004575DD /* Release */ = {
			isa = XCBuildConfiguration;
			buildSettings = {
				ALWAYS_SEARCH_USER_PATHS = NO;
				CLANG_CXX_LANGUAGE_STANDARD = "gnu++0x";
				CLANG_CXX_LIBRARY = "libc++";
				CLANG_ENABLE_MODULES = YES;
				CLANG_ENABLE_OBJC_ARC = YES;
				CLANG_WARN_BOOL_CONVERSION = YES;
				CLANG_WARN_CONSTANT_CONVERSION = YES;
				CLANG_WARN_DIRECT_OBJC_ISA_USAGE = YES_ERROR;
				CLANG_WARN_EMPTY_BODY = YES;
				CLANG_WARN_ENUM_CONVERSION = YES;
				CLANG_WARN_INT_CONVERSION = YES;
				CLANG_WARN_OBJC_ROOT_CLASS = YES_ERROR;
				CLANG_WARN_UNREACHABLE_CODE = YES;
				CLANG_WARN__DUPLICATE_METHOD_MATCH = YES;
				"CODE_SIGN_IDENTITY[sdk=iphoneos*]" = "iPhone Developer";
				COPY_PHASE_STRIP = NO;
				ENABLE_NS_ASSERTIONS = NO;
				ENABLE_STRICT_OBJC_MSGSEND = YES;
				GCC_C_LANGUAGE_STANDARD = gnu99;
				GCC_WARN_64_TO_32_BIT_CONVERSION = YES;
				GCC_WARN_ABOUT_RETURN_TYPE = YES_ERROR;
				GCC_WARN_UNDECLARED_SELECTOR = YES;
				GCC_WARN_UNINITIALIZED_AUTOS = YES_AGGRESSIVE;
				GCC_WARN_UNUSED_FUNCTION = YES;
				GCC_WARN_UNUSED_VARIABLE = YES;
				IPHONEOS_DEPLOYMENT_TARGET = 8.2;
				MTL_ENABLE_DEBUG_INFO = NO;
				SDKROOT = iphoneos;
				TARGETED_DEVICE_FAMILY = "1,2";
				VALIDATE_PRODUCT = YES;
			};
			name = Release;
		};
		56B172D71AC1D55F004575DD /* Debug */ = {
			isa = XCBuildConfiguration;
			buildSettings = {
				ASSETCATALOG_COMPILER_APPICON_NAME = AppIcon;
				CODE_SIGN_IDENTITY = "iPhone Developer";
				"CODE_SIGN_IDENTITY[sdk=iphoneos*]" = "iPhone Developer";
				DEFINES_MODULE = YES;
				INFOPLIST_FILE = FiveByFive/Info.plist;
				IPHONEOS_DEPLOYMENT_TARGET = 8.0;
				LD_RUNPATH_SEARCH_PATHS = "$(inherited) @executable_path/Frameworks";
				LIBRARY_SEARCH_PATHS = (
					"$(inherited)",
					"$(PROJECT_DIR)/FiveByFive",
				);
				PRODUCT_BUNDLE_IDENTIFIER = "com.njc.game.$(PRODUCT_NAME:rfc1034identifier)";
				PRODUCT_NAME = "$(TARGET_NAME)";
				PROVISIONING_PROFILE = "3832e442-e8ba-44e7-91a6-ccd66b898d78";
				SWIFT_OBJC_BRIDGING_HEADER = "";
				TARGETED_DEVICE_FAMILY = 1;
				VALID_ARCHS = "arm64 armv7 armv7s armv6";
			};
			name = Debug;
		};
		56B172D81AC1D55F004575DD /* Release */ = {
			isa = XCBuildConfiguration;
			buildSettings = {
				ASSETCATALOG_COMPILER_APPICON_NAME = AppIcon;
				CODE_SIGN_IDENTITY = "iPhone Developer";
				"CODE_SIGN_IDENTITY[sdk=iphoneos*]" = "iPhone Developer";
				DEFINES_MODULE = YES;
				INFOPLIST_FILE = FiveByFive/Info.plist;
				IPHONEOS_DEPLOYMENT_TARGET = 8.0;
				LD_RUNPATH_SEARCH_PATHS = "$(inherited) @executable_path/Frameworks";
				LIBRARY_SEARCH_PATHS = (
					"$(inherited)",
					"$(PROJECT_DIR)/FiveByFive",
				);
				PRODUCT_BUNDLE_IDENTIFIER = "com.njc.game.$(PRODUCT_NAME:rfc1034identifier)";
				PRODUCT_NAME = "$(TARGET_NAME)";
				PROVISIONING_PROFILE = "3832e442-e8ba-44e7-91a6-ccd66b898d78";
				SWIFT_OBJC_BRIDGING_HEADER = "";
				TARGETED_DEVICE_FAMILY = 1;
				VALID_ARCHS = "arm64 armv7 armv7s armv6";
			};
			name = Release;
		};
/* End XCBuildConfiguration section */

/* Begin XCConfigurationList section */
		56B172AE1AC1D55F004575DD /* Build configuration list for PBXProject "FiveByFive" */ = {
			isa = XCConfigurationList;
			buildConfigurations = (
				56B172D41AC1D55F004575DD /* Debug */,
				56B172D51AC1D55F004575DD /* Release */,
			);
			defaultConfigurationIsVisible = 0;
			defaultConfigurationName = Release;
		};
		56B172D61AC1D55F004575DD /* Build configuration list for PBXNativeTarget "FiveByFive" */ = {
			isa = XCConfigurationList;
			buildConfigurations = (
				56B172D71AC1D55F004575DD /* Debug */,
				56B172D81AC1D55F004575DD /* Release */,
			);
			defaultConfigurationIsVisible = 0;
			defaultConfigurationName = Release;
		};
/* End XCConfigurationList section */
	};
	rootObject = 56B172AB1AC1D55F004575DD /* Project object */;
}
