// !$*UTF8*$!
{
	archiveVersion = 1;
	classes = {
	};
	objectVersion = 46;
	objects = {

/* Begin PBXBuildFile section */
		5606FDE31AF9865900124DAF /* GreenFive.png in Resources */ = {isa = PBXBuildFile; fileRef = 5606FDE21AF9865900124DAF /* GreenFive.png */; };
		5606FDE51AF9A9F500124DAF /* StartViewController.swift in Sources */ = {isa = PBXBuildFile; fileRef = 5606FDE41AF9A9F500124DAF /* StartViewController.swift */; };
		5606FDED1AF9BDDB00124DAF /* StoreViewController.swift in Sources */ = {isa = PBXBuildFile; fileRef = 5606FDEC1AF9BDDB00124DAF /* StoreViewController.swift */; };
		5606FDEF1AFACA9500124DAF /* SettingsViewController.swift in Sources */ = {isa = PBXBuildFile; fileRef = 5606FDEE1AFACA9500124DAF /* SettingsViewController.swift */; };
		5606FDF11AFB282900124DAF /* woosh.wav in Resources */ = {isa = PBXBuildFile; fileRef = 5606FDF01AFB282900124DAF /* woosh.wav */; };
		5606FDF31AFB283F00124DAF /* explosion.wav in Resources */ = {isa = PBXBuildFile; fileRef = 5606FDF21AFB283F00124DAF /* explosion.wav */; };
		5606FDF51AFC56FC00124DAF /* iAd.framework in Frameworks */ = {isa = PBXBuildFile; fileRef = 5606FDF41AFC56FC00124DAF /* iAd.framework */; };
		5606FDFA1AFE7F5B00124DAF /* 100Coins.png in Resources */ = {isa = PBXBuildFile; fileRef = 5606FDF91AFE7F5B00124DAF /* 100Coins.png */; };
		5606FDFC1AFE9F5B00124DAF /* BackButton.png in Resources */ = {isa = PBXBuildFile; fileRef = 5606FDFB1AFE9F5B00124DAF /* BackButton.png */; };
		5606FDFE1AFEAEAC00124DAF /* SLBAppIconx3.png in Resources */ = {isa = PBXBuildFile; fileRef = 5606FDFD1AFEAEAC00124DAF /* SLBAppIconx3.png */; };
		5606FE071B000A1700124DAF /* Five.png in Resources */ = {isa = PBXBuildFile; fileRef = 5606FE021B000A1700124DAF /* Five.png */; };
		5606FE081B000A1700124DAF /* Four.png in Resources */ = {isa = PBXBuildFile; fileRef = 5606FE031B000A1700124DAF /* Four.png */; };
		5606FE091B000A1700124DAF /* One.png in Resources */ = {isa = PBXBuildFile; fileRef = 5606FE041B000A1700124DAF /* One.png */; };
		5606FE0A1B000A1700124DAF /* Three.png in Resources */ = {isa = PBXBuildFile; fileRef = 5606FE051B000A1700124DAF /* Three.png */; };
		5606FE0B1B000A1700124DAF /* Two.png in Resources */ = {isa = PBXBuildFile; fileRef = 5606FE061B000A1700124DAF /* Two.png */; };
		5606FE151B01BCB000124DAF /* Store25.png in Resources */ = {isa = PBXBuildFile; fileRef = 5606FE0D1B01BCB000124DAF /* Store25.png */; };
		5606FE161B01BCB000124DAF /* Store50.png in Resources */ = {isa = PBXBuildFile; fileRef = 5606FE0E1B01BCB000124DAF /* Store50.png */; };
		5606FE171B01BCB000124DAF /* Store100.png in Resources */ = {isa = PBXBuildFile; fileRef = 5606FE0F1B01BCB000124DAF /* Store100.png */; };
		5606FE181B01BCB000124DAF /* Store200.png in Resources */ = {isa = PBXBuildFile; fileRef = 5606FE101B01BCB000124DAF /* Store200.png */; };
		5606FE191B01BCB000124DAF /* Store500.png in Resources */ = {isa = PBXBuildFile; fileRef = 5606FE111B01BCB000124DAF /* Store500.png */; };
		5606FE1A1B01BCB000124DAF /* Store1000.png in Resources */ = {isa = PBXBuildFile; fileRef = 5606FE121B01BCB000124DAF /* Store1000.png */; };
		5606FE1B1B01BCB000124DAF /* StoreFree.png in Resources */ = {isa = PBXBuildFile; fileRef = 5606FE131B01BCB000124DAF /* StoreFree.png */; };
		5606FE1C1B01BCB000124DAF /* StoreRemoveAds.png in Resources */ = {isa = PBXBuildFile; fileRef = 5606FE141B01BCB000124DAF /* StoreRemoveAds.png */; };
		5606FE201B03008900124DAF /* swipeArrow.png in Resources */ = {isa = PBXBuildFile; fileRef = 5606FE1F1B03008900124DAF /* swipeArrow.png */; };
		5606FE221B03015800124DAF /* swipeArrowLeft.png in Resources */ = {isa = PBXBuildFile; fileRef = 5606FE211B03015800124DAF /* swipeArrowLeft.png */; };
		5606FE251B03FDBB00124DAF /* StoreKit.framework in Frameworks */ = {isa = PBXBuildFile; fileRef = 565B9C331AD209FD0059D250 /* StoreKit.framework */; };
		5606FE271B041DED00124DAF /* inAppPurchases.swift in Sources */ = {isa = PBXBuildFile; fileRef = 5606FE261B041DED00124DAF /* inAppPurchases.swift */; };
		5606FE291B045BC600124DAF /* GameScene.swift in Sources */ = {isa = PBXBuildFile; fileRef = 5606FE281B045BC600124DAF /* GameScene.swift */; };
		56246FB71AD38A7500548069 /* bomb.png in Resources */ = {isa = PBXBuildFile; fileRef = 56246FB61AD38A7500548069 /* bomb.png */; };
		5645B6B51AD6168800BBA989 /* GreenOne.png in Resources */ = {isa = PBXBuildFile; fileRef = 5645B6AC1AD6168800BBA989 /* GreenOne.png */; };
		5645B6B61AD6168800BBA989 /* GreenOnex2.png in Resources */ = {isa = PBXBuildFile; fileRef = 5645B6AD1AD6168800BBA989 /* GreenOnex2.png */; };
		5645B6B71AD6168800BBA989 /* GreenOnex3.png in Resources */ = {isa = PBXBuildFile; fileRef = 5645B6AE1AD6168800BBA989 /* GreenOnex3.png */; };
		5645B6B81AD6168800BBA989 /* GreenThree.png in Resources */ = {isa = PBXBuildFile; fileRef = 5645B6AF1AD6168800BBA989 /* GreenThree.png */; };
		5645B6B91AD6168800BBA989 /* GreenThreex2.png in Resources */ = {isa = PBXBuildFile; fileRef = 5645B6B01AD6168800BBA989 /* GreenThreex2.png */; };
		5645B6BA1AD6168800BBA989 /* GreenThreex3.png in Resources */ = {isa = PBXBuildFile; fileRef = 5645B6B11AD6168800BBA989 /* GreenThreex3.png */; };
		5645B6BB1AD6168800BBA989 /* GreenTwo.png in Resources */ = {isa = PBXBuildFile; fileRef = 5645B6B21AD6168800BBA989 /* GreenTwo.png */; };
		5645B6BC1AD6168800BBA989 /* GreenTwox2.png in Resources */ = {isa = PBXBuildFile; fileRef = 5645B6B31AD6168800BBA989 /* GreenTwox2.png */; };
		5645B6BD1AD6168800BBA989 /* GreenTwox3.png in Resources */ = {isa = PBXBuildFile; fileRef = 5645B6B41AD6168800BBA989 /* GreenTwox3.png */; };
		565B9BEC1ACC75900059D250 /* GlobalVariables.swift in Sources */ = {isa = PBXBuildFile; fileRef = 565B9BEB1ACC75900059D250 /* GlobalVariables.swift */; };
		565B9BF11ACDDB280059D250 /* YellowSquare.png in Resources */ = {isa = PBXBuildFile; fileRef = 565B9BF01ACDDB280059D250 /* YellowSquare.png */; };
		565B9BF31ACDE22A0059D250 /* YellowOne.png in Resources */ = {isa = PBXBuildFile; fileRef = 565B9BF21ACDE22A0059D250 /* YellowOne.png */; };
		565B9BF71ACDE2340059D250 /* YellowTwo.png in Resources */ = {isa = PBXBuildFile; fileRef = 565B9BF51ACDE2340059D250 /* YellowTwo.png */; };
		565B9BFB1ACF13890059D250 /* YellowThree.png in Resources */ = {isa = PBXBuildFile; fileRef = 565B9BFA1ACF13890059D250 /* YellowThree.png */; };
		565B9C021ACF706A0059D250 /* PurchaseRow.png in Resources */ = {isa = PBXBuildFile; fileRef = 565B9C011ACF706A0059D250 /* PurchaseRow.png */; };
		565B9C0A1AD0B5490059D250 /* LeaderButton.png in Resources */ = {isa = PBXBuildFile; fileRef = 565B9C081AD0B5490059D250 /* LeaderButton.png */; };
		565B9C0B1AD0B5490059D250 /* PlayButton.png in Resources */ = {isa = PBXBuildFile; fileRef = 565B9C091AD0B5490059D250 /* PlayButton.png */; };
		565B9C141AD0BA570059D250 /* AppIcon29.png in Resources */ = {isa = PBXBuildFile; fileRef = 565B9C0D1AD0BA570059D250 /* AppIcon29.png */; };
		565B9C161AD0BA570059D250 /* AppIcon58.png in Resources */ = {isa = PBXBuildFile; fileRef = 565B9C0F1AD0BA570059D250 /* AppIcon58.png */; };
		565B9C171AD0BA570059D250 /* AppIcon80.png in Resources */ = {isa = PBXBuildFile; fileRef = 565B9C101AD0BA570059D250 /* AppIcon80.png */; };
		565B9C181AD0BA570059D250 /* AppIcon114.png in Resources */ = {isa = PBXBuildFile; fileRef = 565B9C111AD0BA570059D250 /* AppIcon114.png */; };
		565B9C191AD0BA570059D250 /* AppIcon120.png in Resources */ = {isa = PBXBuildFile; fileRef = 565B9C121AD0BA570059D250 /* AppIcon120.png */; };
		565B9C1A1AD0BA570059D250 /* AppIcon180.png in Resources */ = {isa = PBXBuildFile; fileRef = 565B9C131AD0BA570059D250 /* AppIcon180.png */; };
		565B9C1C1AD0BBF50059D250 /* AppIcon87.png in Resources */ = {isa = PBXBuildFile; fileRef = 565B9C1B1AD0BBF50059D250 /* AppIcon87.png */; };
		565B9C1E1AD0BCD10059D250 /* Impact_Label_Reversed.ttf in Resources */ = {isa = PBXBuildFile; fileRef = 565B9C1D1AD0BCD10059D250 /* Impact_Label_Reversed.ttf */; };
		565B9C201AD0D6DE0059D250 /* YellowSquareAnim.png in Resources */ = {isa = PBXBuildFile; fileRef = 565B9C1F1AD0D6DE0059D250 /* YellowSquareAnim.png */; };
		565B9C251AD0E87A0059D250 /* TransOne.png in Resources */ = {isa = PBXBuildFile; fileRef = 565B9C221AD0E87A0059D250 /* TransOne.png */; };
		565B9C261AD0E87A0059D250 /* TransThree.png in Resources */ = {isa = PBXBuildFile; fileRef = 565B9C231AD0E87A0059D250 /* TransThree.png */; };
		565B9C271AD0E87A0059D250 /* TransTwo.png in Resources */ = {isa = PBXBuildFile; fileRef = 565B9C241AD0E87A0059D250 /* TransTwo.png */; };
		565B9C291AD0F6080059D250 /* BombSquare.png in Resources */ = {isa = PBXBuildFile; fileRef = 565B9C281AD0F6080059D250 /* BombSquare.png */; };
		565B9C2B1AD10A4A0059D250 /* Impact_Label.ttf in Resources */ = {isa = PBXBuildFile; fileRef = 565B9C2A1AD10A4A0059D250 /* Impact_Label.ttf */; };
		565B9C2D1AD115ED0059D250 /* GameKit.framework in Frameworks */ = {isa = PBXBuildFile; fileRef = 565B9C2C1AD115ED0059D250 /* GameKit.framework */; };
		565B9C301AD1E6230059D250 /* tutArrow.png in Resources */ = {isa = PBXBuildFile; fileRef = 565B9C2F1AD1E6230059D250 /* tutArrow.png */; };
		565B9C321AD206550059D250 /* PurchaseButton.png in Resources */ = {isa = PBXBuildFile; fileRef = 565B9C311AD206550059D250 /* PurchaseButton.png */; };
		56949E161AD7A246001784B3 /* AppIcon57.png in Resources */ = {isa = PBXBuildFile; fileRef = 56949E151AD7A246001784B3 /* AppIcon57.png */; };
		56949E7C1ADB1B19001784B3 /* FiveByFive WatchKit App.app in Resources */ = {isa = PBXBuildFile; fileRef = 56949E7B1ADB1B19001784B3 /* FiveByFive WatchKit App.app */; };
		56AE45551AC8A9C10061F9B7 /* BlueOne.png in Resources */ = {isa = PBXBuildFile; fileRef = 56AE45541AC8A9C10061F9B7 /* BlueOne.png */; };
		56B172B91AC1D55F004575DD /* AppDelegate.swift in Sources */ = {isa = PBXBuildFile; fileRef = 56B172B81AC1D55F004575DD /* AppDelegate.swift */; };
		56B172BB1AC1D55F004575DD /* GameScene.sks in Resources */ = {isa = PBXBuildFile; fileRef = 56B172BA1AC1D55F004575DD /* GameScene.sks */; };
		56B172BF1AC1D55F004575DD /* GameViewController.swift in Sources */ = {isa = PBXBuildFile; fileRef = 56B172BE1AC1D55F004575DD /* GameViewController.swift */; };
		56B172C21AC1D55F004575DD /* Main.storyboard in Resources */ = {isa = PBXBuildFile; fileRef = 56B172C01AC1D55F004575DD /* Main.storyboard */; };
		56B172C41AC1D55F004575DD /* Images.xcassets in Resources */ = {isa = PBXBuildFile; fileRef = 56B172C31AC1D55F004575DD /* Images.xcassets */; };
		56B172D31AC1D55F004575DD /* FiveByFiveTests.swift in Sources */ = {isa = PBXBuildFile; fileRef = 56B172D21AC1D55F004575DD /* FiveByFiveTests.swift */; };
		56B172E61AC1D864004575DD /* BlueSquare.png in Resources */ = {isa = PBXBuildFile; fileRef = 56B172DE1AC1D864004575DD /* BlueSquare.png */; };
		56B172E71AC1D864004575DD /* BlueThree.png in Resources */ = {isa = PBXBuildFile; fileRef = 56B172DF1AC1D864004575DD /* BlueThree.png */; };
		56B172E81AC1D864004575DD /* BlueTwo.png in Resources */ = {isa = PBXBuildFile; fileRef = 56B172E01AC1D864004575DD /* BlueTwo.png */; };
		56B172E91AC1D864004575DD /* RedOne.png in Resources */ = {isa = PBXBuildFile; fileRef = 56B172E11AC1D864004575DD /* RedOne.png */; };
		56B172EA1AC1D864004575DD /* RedSquare.png in Resources */ = {isa = PBXBuildFile; fileRef = 56B172E21AC1D864004575DD /* RedSquare.png */; };
		56B172EB1AC1D864004575DD /* RedThree.png in Resources */ = {isa = PBXBuildFile; fileRef = 56B172E31AC1D864004575DD /* RedThree.png */; };
		56B172EC1AC1D864004575DD /* RedTwo.png in Resources */ = {isa = PBXBuildFile; fileRef = 56B172E41AC1D864004575DD /* RedTwo.png */; };
		56DD3FCC1AF29DA800CC2C80 /* GreenFivex2.png in Resources */ = {isa = PBXBuildFile; fileRef = 56DD3FC61AF29DA800CC2C80 /* GreenFivex2.png */; };
		56DD3FCD1AF29DA800CC2C80 /* GreenFivex3.png in Resources */ = {isa = PBXBuildFile; fileRef = 56DD3FC71AF29DA800CC2C80 /* GreenFivex3.png */; };
		56DD3FCE1AF29DA800CC2C80 /* GreenFour.png in Resources */ = {isa = PBXBuildFile; fileRef = 56DD3FC81AF29DA800CC2C80 /* GreenFour.png */; };
		56DD3FCF1AF29DA800CC2C80 /* GreenFourx2.png in Resources */ = {isa = PBXBuildFile; fileRef = 56DD3FC91AF29DA800CC2C80 /* GreenFourx2.png */; };
		56DD3FD01AF29DA800CC2C80 /* GreenFourx3.png in Resources */ = {isa = PBXBuildFile; fileRef = 56DD3FCA1AF29DA800CC2C80 /* GreenFourx3.png */; };
		56DD3FD41AF2AA6A00CC2C80 /* Social.framework in Frameworks */ = {isa = PBXBuildFile; fileRef = 56DD3FD31AF2AA6A00CC2C80 /* Social.framework */; };
		56EBDE291AF8462900E7FDE1 /* Security.framework in Frameworks */ = {isa = PBXBuildFile; fileRef = 56EBDE281AF8462900E7FDE1 /* Security.framework */; };
		56EBDE311AF853B300E7FDE1 /* SystemConfiguration.framework in Frameworks */ = {isa = PBXBuildFile; fileRef = 56EBDE2F1AF8526300E7FDE1 /* SystemConfiguration.framework */; };
		56EBDE341AF8551F00E7FDE1 /* libFlurry_6.3.0.a in Frameworks */ = {isa = PBXBuildFile; fileRef = 56EBDE331AF8551F00E7FDE1 /* libFlurry_6.3.0.a */; };
/* End PBXBuildFile section */

/* Begin PBXContainerItemProxy section */
		56949E7D1ADB1B19001784B3 /* PBXContainerItemProxy */ = {
			isa = PBXContainerItemProxy;
			containerPortal = 56B172AB1AC1D55F004575DD /* Project object */;
			proxyType = 1;
			remoteGlobalIDString = 56949E7A1ADB1B19001784B3;
			remoteInfo = "FiveByFive WatchKit App";
		};
		56B172CD1AC1D55F004575DD /* PBXContainerItemProxy */ = {
			isa = PBXContainerItemProxy;
			containerPortal = 56B172AB1AC1D55F004575DD /* Project object */;
			proxyType = 1;
			remoteGlobalIDString = 56B172B21AC1D55F004575DD;
			remoteInfo = FiveByFive;
		};
/* End PBXContainerItemProxy section */

/* Begin PBXFileReference section */
		5606FDE21AF9865900124DAF /* GreenFive.png */ = {isa = PBXFileReference; lastKnownFileType = image.png; path = GreenFive.png; sourceTree = "<group>"; };
		5606FDE41AF9A9F500124DAF /* StartViewController.swift */ = {isa = PBXFileReference; fileEncoding = 4; lastKnownFileType = sourcecode.swift; path = StartViewController.swift; sourceTree = "<group>"; };
		5606FDEC1AF9BDDB00124DAF /* StoreViewController.swift */ = {isa = PBXFileReference; fileEncoding = 4; lastKnownFileType = sourcecode.swift; path = StoreViewController.swift; sourceTree = "<group>"; };
		5606FDEE1AFACA9500124DAF /* SettingsViewController.swift */ = {isa = PBXFileReference; fileEncoding = 4; lastKnownFileType = sourcecode.swift; path = SettingsViewController.swift; sourceTree = "<group>"; };
		5606FDF01AFB282900124DAF /* woosh.wav */ = {isa = PBXFileReference; lastKnownFileType = audio.wav; path = woosh.wav; sourceTree = "<group>"; };
		5606FDF21AFB283F00124DAF /* explosion.wav */ = {isa = PBXFileReference; lastKnownFileType = audio.wav; path = explosion.wav; sourceTree = "<group>"; };
		5606FDF41AFC56FC00124DAF /* iAd.framework */ = {isa = PBXFileReference; lastKnownFileType = wrapper.framework; name = iAd.framework; path = System/Library/Frameworks/iAd.framework; sourceTree = SDKROOT; };
		5606FDF91AFE7F5B00124DAF /* 100Coins.png */ = {isa = PBXFileReference; lastKnownFileType = image.png; path = 100Coins.png; sourceTree = "<group>"; };
		5606FDFB1AFE9F5B00124DAF /* BackButton.png */ = {isa = PBXFileReference; lastKnownFileType = image.png; path = BackButton.png; sourceTree = "<group>"; };
		5606FDFD1AFEAEAC00124DAF /* SLBAppIconx3.png */ = {isa = PBXFileReference; lastKnownFileType = image.png; path = SLBAppIconx3.png; sourceTree = "<group>"; };
		5606FE021B000A1700124DAF /* Five.png */ = {isa = PBXFileReference; lastKnownFileType = image.png; path = Five.png; sourceTree = "<group>"; };
		5606FE031B000A1700124DAF /* Four.png */ = {isa = PBXFileReference; lastKnownFileType = image.png; path = Four.png; sourceTree = "<group>"; };
		5606FE041B000A1700124DAF /* One.png */ = {isa = PBXFileReference; lastKnownFileType = image.png; path = One.png; sourceTree = "<group>"; };
		5606FE051B000A1700124DAF /* Three.png */ = {isa = PBXFileReference; lastKnownFileType = image.png; path = Three.png; sourceTree = "<group>"; };
		5606FE061B000A1700124DAF /* Two.png */ = {isa = PBXFileReference; lastKnownFileType = image.png; path = Two.png; sourceTree = "<group>"; };
		5606FE0D1B01BCB000124DAF /* Store25.png */ = {isa = PBXFileReference; lastKnownFileType = image.png; path = Store25.png; sourceTree = "<group>"; };
		5606FE0E1B01BCB000124DAF /* Store50.png */ = {isa = PBXFileReference; lastKnownFileType = image.png; path = Store50.png; sourceTree = "<group>"; };
		5606FE0F1B01BCB000124DAF /* Store100.png */ = {isa = PBXFileReference; lastKnownFileType = image.png; path = Store100.png; sourceTree = "<group>"; };
		5606FE101B01BCB000124DAF /* Store200.png */ = {isa = PBXFileReference; lastKnownFileType = image.png; path = Store200.png; sourceTree = "<group>"; };
		5606FE111B01BCB000124DAF /* Store500.png */ = {isa = PBXFileReference; lastKnownFileType = image.png; path = Store500.png; sourceTree = "<group>"; };
		5606FE121B01BCB000124DAF /* Store1000.png */ = {isa = PBXFileReference; lastKnownFileType = image.png; path = Store1000.png; sourceTree = "<group>"; };
		5606FE131B01BCB000124DAF /* StoreFree.png */ = {isa = PBXFileReference; lastKnownFileType = image.png; path = StoreFree.png; sourceTree = "<group>"; };
		5606FE141B01BCB000124DAF /* StoreRemoveAds.png */ = {isa = PBXFileReference; lastKnownFileType = image.png; path = StoreRemoveAds.png; sourceTree = "<group>"; };
		5606FE1F1B03008900124DAF /* swipeArrow.png */ = {isa = PBXFileReference; lastKnownFileType = image.png; path = swipeArrow.png; sourceTree = "<group>"; };
		5606FE211B03015800124DAF /* swipeArrowLeft.png */ = {isa = PBXFileReference; lastKnownFileType = image.png; path = swipeArrowLeft.png; sourceTree = "<group>"; };
		5606FE261B041DED00124DAF /* inAppPurchases.swift */ = {isa = PBXFileReference; fileEncoding = 4; lastKnownFileType = sourcecode.swift; name = inAppPurchases.swift; path = ../inAppPurchases.swift; sourceTree = "<group>"; };
		5606FE281B045BC600124DAF /* GameScene.swift */ = {isa = PBXFileReference; fileEncoding = 4; lastKnownFileType = sourcecode.swift; path = GameScene.swift; sourceTree = "<group>"; };
		56246FB61AD38A7500548069 /* bomb.png */ = {isa = PBXFileReference; lastKnownFileType = image.png; path = bomb.png; sourceTree = "<group>"; };
		5645B6AC1AD6168800BBA989 /* GreenOne.png */ = {isa = PBXFileReference; lastKnownFileType = image.png; path = GreenOne.png; sourceTree = "<group>"; };
		5645B6AD1AD6168800BBA989 /* GreenOnex2.png */ = {isa = PBXFileReference; lastKnownFileType = image.png; path = GreenOnex2.png; sourceTree = "<group>"; };
		5645B6AE1AD6168800BBA989 /* GreenOnex3.png */ = {isa = PBXFileReference; lastKnownFileType = image.png; path = GreenOnex3.png; sourceTree = "<group>"; };
		5645B6AF1AD6168800BBA989 /* GreenThree.png */ = {isa = PBXFileReference; lastKnownFileType = image.png; path = GreenThree.png; sourceTree = "<group>"; };
		5645B6B01AD6168800BBA989 /* GreenThreex2.png */ = {isa = PBXFileReference; lastKnownFileType = image.png; path = GreenThreex2.png; sourceTree = "<group>"; };
		5645B6B11AD6168800BBA989 /* GreenThreex3.png */ = {isa = PBXFileReference; lastKnownFileType = image.png; path = GreenThreex3.png; sourceTree = "<group>"; };
		5645B6B21AD6168800BBA989 /* GreenTwo.png */ = {isa = PBXFileReference; lastKnownFileType = image.png; path = GreenTwo.png; sourceTree = "<group>"; };
		5645B6B31AD6168800BBA989 /* GreenTwox2.png */ = {isa = PBXFileReference; lastKnownFileType = image.png; path = GreenTwox2.png; sourceTree = "<group>"; };
		5645B6B41AD6168800BBA989 /* GreenTwox3.png */ = {isa = PBXFileReference; lastKnownFileType = image.png; path = GreenTwox3.png; sourceTree = "<group>"; };
		565B9BEB1ACC75900059D250 /* GlobalVariables.swift */ = {isa = PBXFileReference; fileEncoding = 4; lastKnownFileType = sourcecode.swift; path = GlobalVariables.swift; sourceTree = "<group>"; };
		565B9BF01ACDDB280059D250 /* YellowSquare.png */ = {isa = PBXFileReference; lastKnownFileType = image.png; path = YellowSquare.png; sourceTree = "<group>"; };
		565B9BF21ACDE22A0059D250 /* YellowOne.png */ = {isa = PBXFileReference; lastKnownFileType = image.png; path = YellowOne.png; sourceTree = "<group>"; };
		565B9BF51ACDE2340059D250 /* YellowTwo.png */ = {isa = PBXFileReference; lastKnownFileType = image.png; path = YellowTwo.png; sourceTree = "<group>"; };
		565B9BFA1ACF13890059D250 /* YellowThree.png */ = {isa = PBXFileReference; lastKnownFileType = image.png; path = YellowThree.png; sourceTree = "<group>"; };
		565B9C011ACF706A0059D250 /* PurchaseRow.png */ = {isa = PBXFileReference; lastKnownFileType = image.png; path = PurchaseRow.png; sourceTree = "<group>"; };
		565B9C081AD0B5490059D250 /* LeaderButton.png */ = {isa = PBXFileReference; lastKnownFileType = image.png; path = LeaderButton.png; sourceTree = "<group>"; };
		565B9C091AD0B5490059D250 /* PlayButton.png */ = {isa = PBXFileReference; lastKnownFileType = image.png; path = PlayButton.png; sourceTree = "<group>"; };
		565B9C0D1AD0BA570059D250 /* AppIcon29.png */ = {isa = PBXFileReference; lastKnownFileType = image.png; path = AppIcon29.png; sourceTree = "<group>"; };
		565B9C0F1AD0BA570059D250 /* AppIcon58.png */ = {isa = PBXFileReference; lastKnownFileType = image.png; path = AppIcon58.png; sourceTree = "<group>"; };
		565B9C101AD0BA570059D250 /* AppIcon80.png */ = {isa = PBXFileReference; lastKnownFileType = image.png; path = AppIcon80.png; sourceTree = "<group>"; };
		565B9C111AD0BA570059D250 /* AppIcon114.png */ = {isa = PBXFileReference; lastKnownFileType = image.png; path = AppIcon114.png; sourceTree = "<group>"; };
		565B9C121AD0BA570059D250 /* AppIcon120.png */ = {isa = PBXFileReference; lastKnownFileType = image.png; path = AppIcon120.png; sourceTree = "<group>"; };
		565B9C131AD0BA570059D250 /* AppIcon180.png */ = {isa = PBXFileReference; lastKnownFileType = image.png; path = AppIcon180.png; sourceTree = "<group>"; };
		565B9C1B1AD0BBF50059D250 /* AppIcon87.png */ = {isa = PBXFileReference; lastKnownFileType = image.png; path = AppIcon87.png; sourceTree = "<group>"; };
		565B9C1D1AD0BCD10059D250 /* Impact_Label_Reversed.ttf */ = {isa = PBXFileReference; lastKnownFileType = file; path = Impact_Label_Reversed.ttf; sourceTree = "<group>"; };
		565B9C1F1AD0D6DE0059D250 /* YellowSquareAnim.png */ = {isa = PBXFileReference; lastKnownFileType = image.png; path = YellowSquareAnim.png; sourceTree = "<group>"; };
		565B9C221AD0E87A0059D250 /* TransOne.png */ = {isa = PBXFileReference; lastKnownFileType = image.png; path = TransOne.png; sourceTree = "<group>"; };
		565B9C231AD0E87A0059D250 /* TransThree.png */ = {isa = PBXFileReference; lastKnownFileType = image.png; path = TransThree.png; sourceTree = "<group>"; };
		565B9C241AD0E87A0059D250 /* TransTwo.png */ = {isa = PBXFileReference; lastKnownFileType = image.png; path = TransTwo.png; sourceTree = "<group>"; };
		565B9C281AD0F6080059D250 /* BombSquare.png */ = {isa = PBXFileReference; lastKnownFileType = image.png; path = BombSquare.png; sourceTree = "<group>"; };
		565B9C2A1AD10A4A0059D250 /* Impact_Label.ttf */ = {isa = PBXFileReference; lastKnownFileType = file; path = Impact_Label.ttf; sourceTree = "<group>"; };
		565B9C2C1AD115ED0059D250 /* GameKit.framework */ = {isa = PBXFileReference; lastKnownFileType = wrapper.framework; name = GameKit.framework; path = System/Library/Frameworks/GameKit.framework; sourceTree = SDKROOT; };
		565B9C2F1AD1E6230059D250 /* tutArrow.png */ = {isa = PBXFileReference; lastKnownFileType = image.png; path = tutArrow.png; sourceTree = "<group>"; };
		565B9C311AD206550059D250 /* PurchaseButton.png */ = {isa = PBXFileReference; lastKnownFileType = image.png; path = PurchaseButton.png; sourceTree = "<group>"; };
		565B9C331AD209FD0059D250 /* StoreKit.framework */ = {isa = PBXFileReference; lastKnownFileType = wrapper.framework; name = StoreKit.framework; path = System/Library/Frameworks/StoreKit.framework; sourceTree = SDKROOT; };
		56949E151AD7A246001784B3 /* AppIcon57.png */ = {isa = PBXFileReference; lastKnownFileType = image.png; path = AppIcon57.png; sourceTree = "<group>"; };
		56949E711ADB1B18001784B3 /* FiveByFive WatchKit Extension.appex */ = {isa = PBXFileReference; explicitFileType = "wrapper.app-extension"; includeInIndex = 0; path = "FiveByFive WatchKit Extension.appex"; sourceTree = BUILT_PRODUCTS_DIR; };
		56949E7B1ADB1B19001784B3 /* FiveByFive WatchKit App.app */ = {isa = PBXFileReference; explicitFileType = wrapper.application; includeInIndex = 0; path = "FiveByFive WatchKit App.app"; sourceTree = BUILT_PRODUCTS_DIR; };
		56AE45541AC8A9C10061F9B7 /* BlueOne.png */ = {isa = PBXFileReference; lastKnownFileType = image.png; path = BlueOne.png; sourceTree = "<group>"; };
		56B172B31AC1D55F004575DD /* FiveByFive.app */ = {isa = PBXFileReference; explicitFileType = wrapper.application; includeInIndex = 0; path = FiveByFive.app; sourceTree = BUILT_PRODUCTS_DIR; };
		56B172B71AC1D55F004575DD /* Info.plist */ = {isa = PBXFileReference; lastKnownFileType = text.plist.xml; path = Info.plist; sourceTree = "<group>"; };
		56B172B81AC1D55F004575DD /* AppDelegate.swift */ = {isa = PBXFileReference; lastKnownFileType = sourcecode.swift; path = AppDelegate.swift; sourceTree = "<group>"; };
		56B172BA1AC1D55F004575DD /* GameScene.sks */ = {isa = PBXFileReference; lastKnownFileType = file.sks; path = GameScene.sks; sourceTree = "<group>"; };
		56B172BE1AC1D55F004575DD /* GameViewController.swift */ = {isa = PBXFileReference; lastKnownFileType = sourcecode.swift; path = GameViewController.swift; sourceTree = "<group>"; };
		56B172C11AC1D55F004575DD /* Base */ = {isa = PBXFileReference; lastKnownFileType = file.storyboard; name = Base; path = Base.lproj/Main.storyboard; sourceTree = "<group>"; };
		56B172C31AC1D55F004575DD /* Images.xcassets */ = {isa = PBXFileReference; lastKnownFileType = folder.assetcatalog; path = Images.xcassets; sourceTree = "<group>"; };
		56B172CC1AC1D55F004575DD /* FiveByFiveTests.xctest */ = {isa = PBXFileReference; explicitFileType = wrapper.cfbundle; includeInIndex = 0; path = FiveByFiveTests.xctest; sourceTree = BUILT_PRODUCTS_DIR; };
		56B172D11AC1D55F004575DD /* Info.plist */ = {isa = PBXFileReference; lastKnownFileType = text.plist.xml; path = Info.plist; sourceTree = "<group>"; };
		56B172D21AC1D55F004575DD /* FiveByFiveTests.swift */ = {isa = PBXFileReference; lastKnownFileType = sourcecode.swift; path = FiveByFiveTests.swift; sourceTree = "<group>"; };
		56B172DE1AC1D864004575DD /* BlueSquare.png */ = {isa = PBXFileReference; lastKnownFileType = image.png; path = BlueSquare.png; sourceTree = "<group>"; };
		56B172DF1AC1D864004575DD /* BlueThree.png */ = {isa = PBXFileReference; lastKnownFileType = image.png; path = BlueThree.png; sourceTree = "<group>"; };
		56B172E01AC1D864004575DD /* BlueTwo.png */ = {isa = PBXFileReference; lastKnownFileType = image.png; path = BlueTwo.png; sourceTree = "<group>"; };
		56B172E11AC1D864004575DD /* RedOne.png */ = {isa = PBXFileReference; lastKnownFileType = image.png; path = RedOne.png; sourceTree = "<group>"; };
		56B172E21AC1D864004575DD /* RedSquare.png */ = {isa = PBXFileReference; lastKnownFileType = image.png; path = RedSquare.png; sourceTree = "<group>"; };
		56B172E31AC1D864004575DD /* RedThree.png */ = {isa = PBXFileReference; lastKnownFileType = image.png; path = RedThree.png; sourceTree = "<group>"; };
		56B172E41AC1D864004575DD /* RedTwo.png */ = {isa = PBXFileReference; lastKnownFileType = image.png; path = RedTwo.png; sourceTree = "<group>"; };
		56DD3FC61AF29DA800CC2C80 /* GreenFivex2.png */ = {isa = PBXFileReference; lastKnownFileType = image.png; path = GreenFivex2.png; sourceTree = "<group>"; };
		56DD3FC71AF29DA800CC2C80 /* GreenFivex3.png */ = {isa = PBXFileReference; lastKnownFileType = image.png; path = GreenFivex3.png; sourceTree = "<group>"; };
		56DD3FC81AF29DA800CC2C80 /* GreenFour.png */ = {isa = PBXFileReference; lastKnownFileType = image.png; path = GreenFour.png; sourceTree = "<group>"; };
		56DD3FC91AF29DA800CC2C80 /* GreenFourx2.png */ = {isa = PBXFileReference; lastKnownFileType = image.png; path = GreenFourx2.png; sourceTree = "<group>"; };
		56DD3FCA1AF29DA800CC2C80 /* GreenFourx3.png */ = {isa = PBXFileReference; lastKnownFileType = image.png; path = GreenFourx3.png; sourceTree = "<group>"; };
		56DD3FD31AF2AA6A00CC2C80 /* Social.framework */ = {isa = PBXFileReference; lastKnownFileType = wrapper.framework; name = Social.framework; path = System/Library/Frameworks/Social.framework; sourceTree = SDKROOT; };
		56EBDE281AF8462900E7FDE1 /* Security.framework */ = {isa = PBXFileReference; lastKnownFileType = wrapper.framework; name = Security.framework; path = System/Library/Frameworks/Security.framework; sourceTree = SDKROOT; };
		56EBDE2D1AF8481000E7FDE1 /* FivebyFive-Bridging-Header.h */ = {isa = PBXFileReference; lastKnownFileType = sourcecode.c.h; path = "FivebyFive-Bridging-Header.h"; sourceTree = "<group>"; };
		56EBDE2F1AF8526300E7FDE1 /* SystemConfiguration.framework */ = {isa = PBXFileReference; lastKnownFileType = wrapper.framework; name = SystemConfiguration.framework; path = System/Library/Frameworks/SystemConfiguration.framework; sourceTree = SDKROOT; };
		56EBDE321AF8551F00E7FDE1 /* Flurry.h */ = {isa = PBXFileReference; fileEncoding = 4; lastKnownFileType = sourcecode.c.h; path = Flurry.h; sourceTree = "<group>"; };
		56EBDE331AF8551F00E7FDE1 /* libFlurry_6.3.0.a */ = {isa = PBXFileReference; lastKnownFileType = archive.ar; path = libFlurry_6.3.0.a; sourceTree = "<group>"; };
/* End PBXFileReference section */

/* Begin PBXFrameworksBuildPhase section */
		56949E6E1ADB1B18001784B3 /* Frameworks */ = {
			isa = PBXFrameworksBuildPhase;
			buildActionMask = 2147483647;
			files = (
			);
			runOnlyForDeploymentPostprocessing = 0;
		};
		56B172B01AC1D55F004575DD /* Frameworks */ = {
			isa = PBXFrameworksBuildPhase;
			buildActionMask = 2147483647;
			files = (
				5606FDF51AFC56FC00124DAF /* iAd.framework in Frameworks */,
				5606FE251B03FDBB00124DAF /* StoreKit.framework in Frameworks */,
				56EBDE311AF853B300E7FDE1 /* SystemConfiguration.framework in Frameworks */,
				56EBDE341AF8551F00E7FDE1 /* libFlurry_6.3.0.a in Frameworks */,
				56EBDE291AF8462900E7FDE1 /* Security.framework in Frameworks */,
				56DD3FD41AF2AA6A00CC2C80 /* Social.framework in Frameworks */,
				565B9C2D1AD115ED0059D250 /* GameKit.framework in Frameworks */,
			);
			runOnlyForDeploymentPostprocessing = 0;
		};
		56B172C91AC1D55F004575DD /* Frameworks */ = {
			isa = PBXFrameworksBuildPhase;
			buildActionMask = 2147483647;
			files = (
			);
			runOnlyForDeploymentPostprocessing = 0;
		};
/* End PBXFrameworksBuildPhase section */

/* Begin PBXGroup section */
		5606FDF81AFE7F4400124DAF /* Purchase Buttons */ = {
			isa = PBXGroup;
			children = (
				5606FDF91AFE7F5B00124DAF /* 100Coins.png */,
			);
			name = "Purchase Buttons";
			sourceTree = "<group>";
		};
		5606FE011B000A0500124DAF /* Placement Tiles */ = {
			isa = PBXGroup;
			children = (
				5606FE021B000A1700124DAF /* Five.png */,
				5606FE031B000A1700124DAF /* Four.png */,
				5606FE041B000A1700124DAF /* One.png */,
				5606FE051B000A1700124DAF /* Three.png */,
				5606FE061B000A1700124DAF /* Two.png */,
			);
			name = "Placement Tiles";
			sourceTree = "<group>";
		};
		5606FE0C1B01BC9900124DAF /* Store Icons */ = {
			isa = PBXGroup;
			children = (
				5606FE0D1B01BCB000124DAF /* Store25.png */,
				5606FE0E1B01BCB000124DAF /* Store50.png */,
				5606FE0F1B01BCB000124DAF /* Store100.png */,
				5606FE101B01BCB000124DAF /* Store200.png */,
				5606FE111B01BCB000124DAF /* Store500.png */,
				5606FE121B01BCB000124DAF /* Store1000.png */,
				5606FE131B01BCB000124DAF /* StoreFree.png */,
				5606FE141B01BCB000124DAF /* StoreRemoveAds.png */,
			);
			name = "Store Icons";
			sourceTree = "<group>";
		};
		565B9BEF1ACDDB040059D250 /* Yellow */ = {
			isa = PBXGroup;
			children = (
				565B9C1F1AD0D6DE0059D250 /* YellowSquareAnim.png */,
				565B9BFA1ACF13890059D250 /* YellowThree.png */,
				565B9BF51ACDE2340059D250 /* YellowTwo.png */,
				565B9BF21ACDE22A0059D250 /* YellowOne.png */,
				565B9BF01ACDDB280059D250 /* YellowSquare.png */,
			);
			name = Yellow;
			sourceTree = "<group>";
		};
		565B9BFC1ACF6A030059D250 /* GreenThree */ = {
			isa = PBXGroup;
			children = (
				5606FDE21AF9865900124DAF /* GreenFive.png */,
				56DD3FC61AF29DA800CC2C80 /* GreenFivex2.png */,
				56DD3FC71AF29DA800CC2C80 /* GreenFivex3.png */,
				56DD3FC81AF29DA800CC2C80 /* GreenFour.png */,
				56DD3FC91AF29DA800CC2C80 /* GreenFourx2.png */,
				56DD3FCA1AF29DA800CC2C80 /* GreenFourx3.png */,
				5645B6AC1AD6168800BBA989 /* GreenOne.png */,
				5645B6AD1AD6168800BBA989 /* GreenOnex2.png */,
				5645B6AE1AD6168800BBA989 /* GreenOnex3.png */,
				5645B6AF1AD6168800BBA989 /* GreenThree.png */,
				5645B6B01AD6168800BBA989 /* GreenThreex2.png */,
				5645B6B11AD6168800BBA989 /* GreenThreex3.png */,
				5645B6B21AD6168800BBA989 /* GreenTwo.png */,
				5645B6B31AD6168800BBA989 /* GreenTwox2.png */,
				5645B6B41AD6168800BBA989 /* GreenTwox3.png */,
			);
			name = GreenThree;
			sourceTree = "<group>";
		};
		565B9C071AD0B53B0059D250 /* Buttons */ = {
			isa = PBXGroup;
			children = (
				5606FDFB1AFE9F5B00124DAF /* BackButton.png */,
				5606FDF81AFE7F4400124DAF /* Purchase Buttons */,
				565B9C081AD0B5490059D250 /* LeaderButton.png */,
				565B9C091AD0B5490059D250 /* PlayButton.png */,
			);
			name = Buttons;
			sourceTree = "<group>";
		};
		565B9C0C1AD0BA450059D250 /* AppIcons */ = {
			isa = PBXGroup;
			children = (
				56949E151AD7A246001784B3 /* AppIcon57.png */,
				565B9C1B1AD0BBF50059D250 /* AppIcon87.png */,
				565B9C0D1AD0BA570059D250 /* AppIcon29.png */,
				565B9C0F1AD0BA570059D250 /* AppIcon58.png */,
				565B9C101AD0BA570059D250 /* AppIcon80.png */,
				565B9C111AD0BA570059D250 /* AppIcon114.png */,
				565B9C121AD0BA570059D250 /* AppIcon120.png */,
				565B9C131AD0BA570059D250 /* AppIcon180.png */,
			);
			name = AppIcons;
			sourceTree = "<group>";
		};
		565B9C211AD0E8660059D250 /* Transparent */ = {
			isa = PBXGroup;
			children = (
				565B9C221AD0E87A0059D250 /* TransOne.png */,
				565B9C231AD0E87A0059D250 /* TransThree.png */,
				565B9C241AD0E87A0059D250 /* TransTwo.png */,
			);
			name = Transparent;
			sourceTree = "<group>";
		};
		565B9C2E1AD1E60A0059D250 /* Tutorial */ = {
			isa = PBXGroup;
			children = (
				5606FE1F1B03008900124DAF /* swipeArrow.png */,
				5606FE211B03015800124DAF /* swipeArrowLeft.png */,
				565B9C2F1AD1E6230059D250 /* tutArrow.png */,
			);
			name = Tutorial;
			sourceTree = "<group>";
		};
		56B172AA1AC1D55F004575DD = {
			isa = PBXGroup;
			children = (
				56B172B51AC1D55F004575DD /* FiveByFive */,
				56B172CF1AC1D55F004575DD /* FiveByFiveTests */,
				56B172B41AC1D55F004575DD /* Products */,
			);
			sourceTree = "<group>";
		};
		56B172B41AC1D55F004575DD /* Products */ = {
			isa = PBXGroup;
			children = (
				56B172B31AC1D55F004575DD /* FiveByFive.app */,
				56B172CC1AC1D55F004575DD /* FiveByFiveTests.xctest */,
				56949E711ADB1B18001784B3 /* FiveByFive WatchKit Extension.appex */,
				56949E7B1ADB1B19001784B3 /* FiveByFive WatchKit App.app */,
			);
			name = Products;
			sourceTree = "<group>";
		};
		56B172B51AC1D55F004575DD /* FiveByFive */ = {
			isa = PBXGroup;
			children = (
				56B172DC1AC1D856004575DD /* Sprites */,
				56B172C01AC1D55F004575DD /* Main.storyboard */,
				565B9BEB1ACC75900059D250 /* GlobalVariables.swift */,
				5606FE261B041DED00124DAF /* inAppPurchases.swift */,
				56B172B81AC1D55F004575DD /* AppDelegate.swift */,
				5606FDE41AF9A9F500124DAF /* StartViewController.swift */,
				56B172BE1AC1D55F004575DD /* GameViewController.swift */,
				5606FE281B045BC600124DAF /* GameScene.swift */,
				56B172BA1AC1D55F004575DD /* GameScene.sks */,
				5606FDEC1AF9BDDB00124DAF /* StoreViewController.swift */,
				5606FDEE1AFACA9500124DAF /* SettingsViewController.swift */,
				56EBDE2D1AF8481000E7FDE1 /* FivebyFive-Bridging-Header.h */,
				56EBDE321AF8551F00E7FDE1 /* Flurry.h */,
				56EBDE331AF8551F00E7FDE1 /* libFlurry_6.3.0.a */,
				56B172C31AC1D55F004575DD /* Images.xcassets */,
				56B172B61AC1D55F004575DD /* Supporting Files */,
			);
			path = FiveByFive;
			sourceTree = "<group>";
		};
		56B172B61AC1D55F004575DD /* Supporting Files */ = {
			isa = PBXGroup;
			children = (
				5606FDF41AFC56FC00124DAF /* iAd.framework */,
				56EBDE2F1AF8526300E7FDE1 /* SystemConfiguration.framework */,
				56EBDE281AF8462900E7FDE1 /* Security.framework */,
				56DD3FD31AF2AA6A00CC2C80 /* Social.framework */,
				565B9C331AD209FD0059D250 /* StoreKit.framework */,
				565B9C2C1AD115ED0059D250 /* GameKit.framework */,
				565B9C2A1AD10A4A0059D250 /* Impact_Label.ttf */,
				565B9C1D1AD0BCD10059D250 /* Impact_Label_Reversed.ttf */,
				56B172B71AC1D55F004575DD /* Info.plist */,
			);
			name = "Supporting Files";
			sourceTree = "<group>";
		};
		56B172CF1AC1D55F004575DD /* FiveByFiveTests */ = {
			isa = PBXGroup;
			children = (
				56B172D21AC1D55F004575DD /* FiveByFiveTests.swift */,
				56B172D01AC1D55F004575DD /* Supporting Files */,
			);
			path = FiveByFiveTests;
			sourceTree = "<group>";
		};
		56B172D01AC1D55F004575DD /* Supporting Files */ = {
			isa = PBXGroup;
			children = (
				56B172D11AC1D55F004575DD /* Info.plist */,
			);
			name = "Supporting Files";
			sourceTree = "<group>";
		};
		56B172DC1AC1D856004575DD /* Sprites */ = {
			isa = PBXGroup;
			children = (
				5606FE0C1B01BC9900124DAF /* Store Icons */,
				5606FE011B000A0500124DAF /* Placement Tiles */,
				5606FDFD1AFEAEAC00124DAF /* SLBAppIconx3.png */,
				5606FDF21AFB283F00124DAF /* explosion.wav */,
				5606FDF01AFB282900124DAF /* woosh.wav */,
				56246FB61AD38A7500548069 /* bomb.png */,
				565B9C311AD206550059D250 /* PurchaseButton.png */,
				565B9C2E1AD1E60A0059D250 /* Tutorial */,
				565B9C281AD0F6080059D250 /* BombSquare.png */,
				565B9C011ACF706A0059D250 /* PurchaseRow.png */,
				565B9C211AD0E8660059D250 /* Transparent */,
				565B9C0C1AD0BA450059D250 /* AppIcons */,
				565B9C071AD0B53B0059D250 /* Buttons */,
				565B9BFC1ACF6A030059D250 /* GreenThree */,
				565B9BEF1ACDDB040059D250 /* Yellow */,
				56B172EE1AC1D86C004575DD /* Red */,
				56B172ED1AC1D868004575DD /* Blue */,
			);
			name = Sprites;
			sourceTree = "<group>";
		};
		56B172ED1AC1D868004575DD /* Blue */ = {
			isa = PBXGroup;
			children = (
				56AE45541AC8A9C10061F9B7 /* BlueOne.png */,
				56B172DE1AC1D864004575DD /* BlueSquare.png */,
				56B172DF1AC1D864004575DD /* BlueThree.png */,
				56B172E01AC1D864004575DD /* BlueTwo.png */,
			);
			name = Blue;
			sourceTree = "<group>";
		};
		56B172EE1AC1D86C004575DD /* Red */ = {
			isa = PBXGroup;
			children = (
				56B172E11AC1D864004575DD /* RedOne.png */,
				56B172E21AC1D864004575DD /* RedSquare.png */,
				56B172E31AC1D864004575DD /* RedThree.png */,
				56B172E41AC1D864004575DD /* RedTwo.png */,
			);
			name = Red;
			sourceTree = "<group>";
		};
/* End PBXGroup section */

/* Begin PBXNativeTarget section */
		56949E701ADB1B18001784B3 /* FiveByFive WatchKit Extension */ = {
			isa = PBXNativeTarget;
			buildConfigurationList = 56949E8D1ADB1B19001784B3 /* Build configuration list for PBXNativeTarget "FiveByFive WatchKit Extension" */;
			buildPhases = (
				56949E6D1ADB1B18001784B3 /* Sources */,
				56949E6E1ADB1B18001784B3 /* Frameworks */,
				56949E6F1ADB1B18001784B3 /* Resources */,
			);
			buildRules = (
			);
			dependencies = (
				56949E7E1ADB1B19001784B3 /* PBXTargetDependency */,
			);
			name = "FiveByFive WatchKit Extension";
			productName = "FiveByFive WatchKit Extension";
			productReference = 56949E711ADB1B18001784B3 /* FiveByFive WatchKit Extension.appex */;
			productType = "com.apple.product-type.watchkit-extension";
		};
		56949E7A1ADB1B19001784B3 /* FiveByFive WatchKit App */ = {
			isa = PBXNativeTarget;
			buildConfigurationList = 56949E8A1ADB1B19001784B3 /* Build configuration list for PBXNativeTarget "FiveByFive WatchKit App" */;
			buildPhases = (
				56949E791ADB1B19001784B3 /* Resources */,
			);
			buildRules = (
			);
			dependencies = (
			);
			name = "FiveByFive WatchKit App";
			productName = "FiveByFive WatchKit App";
			productReference = 56949E7B1ADB1B19001784B3 /* FiveByFive WatchKit App.app */;
			productType = "com.apple.product-type.application.watchapp";
		};
		56B172B21AC1D55F004575DD /* FiveByFive */ = {
			isa = PBXNativeTarget;
			buildConfigurationList = 56B172D61AC1D55F004575DD /* Build configuration list for PBXNativeTarget "FiveByFive" */;
			buildPhases = (
				56B172AF1AC1D55F004575DD /* Sources */,
				56B172B01AC1D55F004575DD /* Frameworks */,
				56B172B11AC1D55F004575DD /* Resources */,
				56B172EF1AC1E888004575DD /* ShellScript */,
			);
			buildRules = (
			);
			dependencies = (
			);
			name = FiveByFive;
			productName = FiveByFive;
			productReference = 56B172B31AC1D55F004575DD /* FiveByFive.app */;
			productType = "com.apple.product-type.application";
		};
		56B172CB1AC1D55F004575DD /* FiveByFiveTests */ = {
			isa = PBXNativeTarget;
			buildConfigurationList = 56B172D91AC1D55F004575DD /* Build configuration list for PBXNativeTarget "FiveByFiveTests" */;
			buildPhases = (
				56B172C81AC1D55F004575DD /* Sources */,
				56B172C91AC1D55F004575DD /* Frameworks */,
				56B172CA1AC1D55F004575DD /* Resources */,
			);
			buildRules = (
			);
			dependencies = (
				56B172CE1AC1D55F004575DD /* PBXTargetDependency */,
			);
			name = FiveByFiveTests;
			productName = FiveByFiveTests;
			productReference = 56B172CC1AC1D55F004575DD /* FiveByFiveTests.xctest */;
			productType = "com.apple.product-type.bundle.unit-test";
		};
/* End PBXNativeTarget section */

/* Begin PBXProject section */
		56B172AB1AC1D55F004575DD /* Project object */ = {
			isa = PBXProject;
			attributes = {
				LastUpgradeCheck = 0620;
				ORGANIZATIONNAME = "Nick Cracchiolo";
				TargetAttributes = {
					56949E701ADB1B18001784B3 = {
						CreatedOnToolsVersion = 6.3;
						DevelopmentTeam = 77TV63F6JF;
					};
					56949E7A1ADB1B19001784B3 = {
						CreatedOnToolsVersion = 6.3;
					};
					56B172B21AC1D55F004575DD = {
						CreatedOnToolsVersion = 6.2;
						DevelopmentTeam = 77TV63F6JF;
						SystemCapabilities = {
							com.apple.GameCenter = {
								enabled = 1;
							};
							com.apple.InAppPurchase = {
								enabled = 1;
							};
						};
					};
					56B172CB1AC1D55F004575DD = {
						CreatedOnToolsVersion = 6.2;
						TestTargetID = 56B172B21AC1D55F004575DD;
					};
				};
			};
			buildConfigurationList = 56B172AE1AC1D55F004575DD /* Build configuration list for PBXProject "FiveByFive" */;
			compatibilityVersion = "Xcode 3.2";
			developmentRegion = English;
			hasScannedForEncodings = 0;
			knownRegions = (
				en,
				Base,
			);
			mainGroup = 56B172AA1AC1D55F004575DD;
			productRefGroup = 56B172B41AC1D55F004575DD /* Products */;
			projectDirPath = "";
			projectRoot = "";
			targets = (
				56B172B21AC1D55F004575DD /* FiveByFive */,
				56B172CB1AC1D55F004575DD /* FiveByFiveTests */,
				56949E701ADB1B18001784B3 /* FiveByFive WatchKit Extension */,
				56949E7A1ADB1B19001784B3 /* FiveByFive WatchKit App */,
			);
		};
/* End PBXProject section */

/* Begin PBXResourcesBuildPhase section */
		56949E6F1ADB1B18001784B3 /* Resources */ = {
			isa = PBXResourcesBuildPhase;
			buildActionMask = 2147483647;
			files = (
				56949E7C1ADB1B19001784B3 /* FiveByFive WatchKit App.app in Resources */,
			);
			runOnlyForDeploymentPostprocessing = 0;
		};
		56949E791ADB1B19001784B3 /* Resources */ = {
			isa = PBXResourcesBuildPhase;
			buildActionMask = 2147483647;
			files = (
			);
			runOnlyForDeploymentPostprocessing = 0;
		};
		56B172B11AC1D55F004575DD /* Resources */ = {
			isa = PBXResourcesBuildPhase;
			buildActionMask = 2147483647;
			files = (
				5606FDF31AFB283F00124DAF /* explosion.wav in Resources */,
				56B172E81AC1D864004575DD /* BlueTwo.png in Resources */,
				56B172E61AC1D864004575DD /* BlueSquare.png in Resources */,
				5606FE191B01BCB000124DAF /* Store500.png in Resources */,
				565B9C291AD0F6080059D250 /* BombSquare.png in Resources */,
				5606FDFA1AFE7F5B00124DAF /* 100Coins.png in Resources */,
				565B9BFB1ACF13890059D250 /* YellowThree.png in Resources */,
				56B172C41AC1D55F004575DD /* Images.xcassets in Resources */,
				56B172E71AC1D864004575DD /* BlueThree.png in Resources */,
				5645B6BB1AD6168800BBA989 /* GreenTwo.png in Resources */,
				565B9C191AD0BA570059D250 /* AppIcon120.png in Resources */,
				5645B6BD1AD6168800BBA989 /* GreenTwox3.png in Resources */,
				565B9C0A1AD0B5490059D250 /* LeaderButton.png in Resources */,
				5606FE161B01BCB000124DAF /* Store50.png in Resources */,
				56B172E91AC1D864004575DD /* RedOne.png in Resources */,
				56B172EA1AC1D864004575DD /* RedSquare.png in Resources */,
				56B172BB1AC1D55F004575DD /* GameScene.sks in Resources */,
				5606FDF11AFB282900124DAF /* woosh.wav in Resources */,
				565B9C1C1AD0BBF50059D250 /* AppIcon87.png in Resources */,
				5606FDFE1AFEAEAC00124DAF /* SLBAppIconx3.png in Resources */,
				5606FE1A1B01BCB000124DAF /* Store1000.png in Resources */,
				565B9C261AD0E87A0059D250 /* TransThree.png in Resources */,
				565B9C301AD1E6230059D250 /* tutArrow.png in Resources */,
				565B9C141AD0BA570059D250 /* AppIcon29.png in Resources */,
				5606FE201B03008900124DAF /* swipeArrow.png in Resources */,
				5606FDE31AF9865900124DAF /* GreenFive.png in Resources */,
				56AE45551AC8A9C10061F9B7 /* BlueOne.png in Resources */,
				5606FDFC1AFE9F5B00124DAF /* BackButton.png in Resources */,
				5606FE1C1B01BCB000124DAF /* StoreRemoveAds.png in Resources */,
				5645B6B61AD6168800BBA989 /* GreenOnex2.png in Resources */,
				56DD3FCF1AF29DA800CC2C80 /* GreenFourx2.png in Resources */,
				565B9C271AD0E87A0059D250 /* TransTwo.png in Resources */,
				5645B6B91AD6168800BBA989 /* GreenThreex2.png in Resources */,
				5606FE171B01BCB000124DAF /* Store100.png in Resources */,
				5645B6B81AD6168800BBA989 /* GreenThree.png in Resources */,
				56DD3FCC1AF29DA800CC2C80 /* GreenFivex2.png in Resources */,
				565B9C181AD0BA570059D250 /* AppIcon114.png in Resources */,
				56DD3FCD1AF29DA800CC2C80 /* GreenFivex3.png in Resources */,
				565B9C161AD0BA570059D250 /* AppIcon58.png in Resources */,
				56B172C21AC1D55F004575DD /* Main.storyboard in Resources */,
				5606FE151B01BCB000124DAF /* Store25.png in Resources */,
				5606FE1B1B01BCB000124DAF /* StoreFree.png in Resources */,
				565B9C1E1AD0BCD10059D250 /* Impact_Label_Reversed.ttf in Resources */,
				56949E161AD7A246001784B3 /* AppIcon57.png in Resources */,
				5606FE0A1B000A1700124DAF /* Three.png in Resources */,
				5645B6B71AD6168800BBA989 /* GreenOnex3.png in Resources */,
				5606FE081B000A1700124DAF /* Four.png in Resources */,
				5606FE221B03015800124DAF /* swipeArrowLeft.png in Resources */,
				56B172EC1AC1D864004575DD /* RedTwo.png in Resources */,
				5645B6B51AD6168800BBA989 /* GreenOne.png in Resources */,
				565B9C171AD0BA570059D250 /* AppIcon80.png in Resources */,
				565B9C0B1AD0B5490059D250 /* PlayButton.png in Resources */,
				5606FE091B000A1700124DAF /* One.png in Resources */,
				565B9C251AD0E87A0059D250 /* TransOne.png in Resources */,
				565B9C2B1AD10A4A0059D250 /* Impact_Label.ttf in Resources */,
				5606FE181B01BCB000124DAF /* Store200.png in Resources */,
				56DD3FCE1AF29DA800CC2C80 /* GreenFour.png in Resources */,
				565B9BF11ACDDB280059D250 /* YellowSquare.png in Resources */,
				565B9C201AD0D6DE0059D250 /* YellowSquareAnim.png in Resources */,
				565B9BF31ACDE22A0059D250 /* YellowOne.png in Resources */,
				565B9BF71ACDE2340059D250 /* YellowTwo.png in Resources */,
				5606FE071B000A1700124DAF /* Five.png in Resources */,
				56B172EB1AC1D864004575DD /* RedThree.png in Resources */,
				5645B6BC1AD6168800BBA989 /* GreenTwox2.png in Resources */,
				5645B6BA1AD6168800BBA989 /* GreenThreex3.png in Resources */,
				56DD3FD01AF29DA800CC2C80 /* GreenFourx3.png in Resources */,
				565B9C321AD206550059D250 /* PurchaseButton.png in Resources */,
				565B9C1A1AD0BA570059D250 /* AppIcon180.png in Resources */,
				565B9C021ACF706A0059D250 /* PurchaseRow.png in Resources */,
				5606FE0B1B000A1700124DAF /* Two.png in Resources */,
				56246FB71AD38A7500548069 /* bomb.png in Resources */,
			);
			runOnlyForDeploymentPostprocessing = 0;
		};
		56B172CA1AC1D55F004575DD /* Resources */ = {
			isa = PBXResourcesBuildPhase;
			buildActionMask = 2147483647;
			files = (
			);
			runOnlyForDeploymentPostprocessing = 0;
		};
/* End PBXResourcesBuildPhase section */

/* Begin PBXShellScriptBuildPhase section */
		56B172EF1AC1E888004575DD /* ShellScript */ = {
			isa = PBXShellScriptBuildPhase;
			buildActionMask = 2147483647;
			files = (
			);
			inputPaths = (
			);
			outputPaths = (
			);
			runOnlyForDeploymentPostprocessing = 0;
			shellPath = /bin/bash;
			shellScript = "#!/bin/bash\nbuildNumber=$(/usr/libexec/PlistBuddy -c \"Print CFBundleVersion\" \"$INFOPLIST_FILE\")\nbuildNumber=$(($buildNumber + 1))\n/usr/libexec/PlistBuddy -c \"Set :CFBundleVersion $buildNumber\" \"$INFOPLIST_FILE\"";
		};
/* End PBXShellScriptBuildPhase section */

/* Begin PBXSourcesBuildPhase section */
		56949E6D1ADB1B18001784B3 /* Sources */ = {
			isa = PBXSourcesBuildPhase;
			buildActionMask = 2147483647;
			files = (
			);
			runOnlyForDeploymentPostprocessing = 0;
		};
		56B172AF1AC1D55F004575DD /* Sources */ = {
			isa = PBXSourcesBuildPhase;
			buildActionMask = 2147483647;
			files = (
				5606FDED1AF9BDDB00124DAF /* StoreViewController.swift in Sources */,
				5606FDE51AF9A9F500124DAF /* StartViewController.swift in Sources */,
				5606FE291B045BC600124DAF /* GameScene.swift in Sources */,
				56B172BF1AC1D55F004575DD /* GameViewController.swift in Sources */,
				565B9BEC1ACC75900059D250 /* GlobalVariables.swift in Sources */,
				5606FE271B041DED00124DAF /* inAppPurchases.swift in Sources */,
				56B172B91AC1D55F004575DD /* AppDelegate.swift in Sources */,
				5606FDEF1AFACA9500124DAF /* SettingsViewController.swift in Sources */,
			);
			runOnlyForDeploymentPostprocessing = 0;
		};
		56B172C81AC1D55F004575DD /* Sources */ = {
			isa = PBXSourcesBuildPhase;
			buildActionMask = 2147483647;
			files = (
				56B172D31AC1D55F004575DD /* FiveByFiveTests.swift in Sources */,
			);
			runOnlyForDeploymentPostprocessing = 0;
		};
/* End PBXSourcesBuildPhase section */

/* Begin PBXTargetDependency section */
		56949E7E1ADB1B19001784B3 /* PBXTargetDependency */ = {
			isa = PBXTargetDependency;
			target = 56949E7A1ADB1B19001784B3 /* FiveByFive WatchKit App */;
			targetProxy = 56949E7D1ADB1B19001784B3 /* PBXContainerItemProxy */;
		};
		56B172CE1AC1D55F004575DD /* PBXTargetDependency */ = {
			isa = PBXTargetDependency;
			target = 56B172B21AC1D55F004575DD /* FiveByFive */;
			targetProxy = 56B172CD1AC1D55F004575DD /* PBXContainerItemProxy */;
		};
/* End PBXTargetDependency section */

/* Begin PBXVariantGroup section */
		56B172C01AC1D55F004575DD /* Main.storyboard */ = {
			isa = PBXVariantGroup;
			children = (
				56B172C11AC1D55F004575DD /* Base */,
			);
			name = Main.storyboard;
			sourceTree = "<group>";
		};
/* End PBXVariantGroup section */

/* Begin XCBuildConfiguration section */
		56949E8B1ADB1B19001784B3 /* Debug */ = {
			isa = XCBuildConfiguration;
			buildSettings = {
				ASSETCATALOG_COMPILER_APPICON_NAME = AppIcon;
				DEBUG_INFORMATION_FORMAT = "dwarf-with-dsym";
				GCC_NO_COMMON_BLOCKS = YES;
				GCC_PREPROCESSOR_DEFINITIONS = (
					"DEBUG=1",
					"$(inherited)",
				);
				IBSC_MODULE = FiveByFive_WatchKit_Extension;
				INFOPLIST_FILE = "FiveByFive WatchKit App/Info.plist";
				IPHONEOS_DEPLOYMENT_TARGET = 8.3;
				PRODUCT_NAME = "$(TARGET_NAME)";
				SKIP_INSTALL = YES;
				TARGETED_DEVICE_FAMILY = 4;
				"TARGETED_DEVICE_FAMILY[sdk=iphonesimulator*]" = "1,4";
			};
			name = Debug;
		};
		56949E8C1ADB1B19001784B3 /* Release */ = {
			isa = XCBuildConfiguration;
			buildSettings = {
				ASSETCATALOG_COMPILER_APPICON_NAME = AppIcon;
				DEBUG_INFORMATION_FORMAT = "dwarf-with-dsym";
				GCC_NO_COMMON_BLOCKS = YES;
				IBSC_MODULE = FiveByFive_WatchKit_Extension;
				INFOPLIST_FILE = "FiveByFive WatchKit App/Info.plist";
				IPHONEOS_DEPLOYMENT_TARGET = 8.3;
				PRODUCT_NAME = "$(TARGET_NAME)";
				SKIP_INSTALL = YES;
				TARGETED_DEVICE_FAMILY = 4;
				"TARGETED_DEVICE_FAMILY[sdk=iphonesimulator*]" = "1,4";
			};
			name = Release;
		};
		56949E8E1ADB1B19001784B3 /* Debug */ = {
			isa = XCBuildConfiguration;
			buildSettings = {
				CODE_SIGN_IDENTITY = "iPhone Developer";
				"CODE_SIGN_IDENTITY[sdk=iphoneos*]" = "iPhone Developer";
				DEBUG_INFORMATION_FORMAT = "dwarf-with-dsym";
				GCC_NO_COMMON_BLOCKS = YES;
				GCC_PREPROCESSOR_DEFINITIONS = (
					"DEBUG=1",
					"$(inherited)",
				);
				INFOPLIST_FILE = "FiveByFive WatchKit Extension/Info.plist";
				IPHONEOS_DEPLOYMENT_TARGET = 8.3;
				LD_RUNPATH_SEARCH_PATHS = "$(inherited) @executable_path/Frameworks @executable_path/../../Frameworks";
				PRODUCT_NAME = "${TARGET_NAME}";
				SKIP_INSTALL = YES;
			};
			name = Debug;
		};
		56949E8F1ADB1B19001784B3 /* Release */ = {
			isa = XCBuildConfiguration;
			buildSettings = {
				CODE_SIGN_IDENTITY = "iPhone Developer";
				"CODE_SIGN_IDENTITY[sdk=iphoneos*]" = "iPhone Developer";
				DEBUG_INFORMATION_FORMAT = "dwarf-with-dsym";
				GCC_NO_COMMON_BLOCKS = YES;
				INFOPLIST_FILE = "FiveByFive WatchKit Extension/Info.plist";
				IPHONEOS_DEPLOYMENT_TARGET = 8.3;
				LD_RUNPATH_SEARCH_PATHS = "$(inherited) @executable_path/Frameworks @executable_path/../../Frameworks";
				PRODUCT_NAME = "${TARGET_NAME}";
				SKIP_INSTALL = YES;
			};
			name = Release;
		};
		56B172D41AC1D55F004575DD /* Debug */ = {
			isa = XCBuildConfiguration;
			buildSettings = {
				ALWAYS_SEARCH_USER_PATHS = NO;
				CLANG_CXX_LANGUAGE_STANDARD = "gnu++0x";
				CLANG_CXX_LIBRARY = "libc++";
				CLANG_ENABLE_MODULES = YES;
				CLANG_ENABLE_OBJC_ARC = YES;
				CLANG_WARN_BOOL_CONVERSION = YES;
				CLANG_WARN_CONSTANT_CONVERSION = YES;
				CLANG_WARN_DIRECT_OBJC_ISA_USAGE = YES_ERROR;
				CLANG_WARN_EMPTY_BODY = YES;
				CLANG_WARN_ENUM_CONVERSION = YES;
				CLANG_WARN_INT_CONVERSION = YES;
				CLANG_WARN_OBJC_ROOT_CLASS = YES_ERROR;
				CLANG_WARN_UNREACHABLE_CODE = YES;
				CLANG_WARN__DUPLICATE_METHOD_MATCH = YES;
				"CODE_SIGN_IDENTITY[sdk=iphoneos*]" = "iPhone Developer";
				COPY_PHASE_STRIP = NO;
				ENABLE_STRICT_OBJC_MSGSEND = YES;
				GCC_C_LANGUAGE_STANDARD = gnu99;
				GCC_DYNAMIC_NO_PIC = NO;
				GCC_OPTIMIZATION_LEVEL = 0;
				GCC_PREPROCESSOR_DEFINITIONS = (
					"DEBUG=1",
					"$(inherited)",
				);
				GCC_SYMBOLS_PRIVATE_EXTERN = NO;
				GCC_WARN_64_TO_32_BIT_CONVERSION = YES;
				GCC_WARN_ABOUT_RETURN_TYPE = YES_ERROR;
				GCC_WARN_UNDECLARED_SELECTOR = YES;
				GCC_WARN_UNINITIALIZED_AUTOS = YES_AGGRESSIVE;
				GCC_WARN_UNUSED_FUNCTION = YES;
				GCC_WARN_UNUSED_VARIABLE = YES;
				IPHONEOS_DEPLOYMENT_TARGET = 8.2;
				MTL_ENABLE_DEBUG_INFO = YES;
				ONLY_ACTIVE_ARCH = YES;
				SDKROOT = iphoneos;
				SWIFT_OPTIMIZATION_LEVEL = "-Onone";
				TARGETED_DEVICE_FAMILY = "1,2";
			};
			name = Debug;
		};
		56B172D51AC1D55F004575DD /* Release */ = {
			isa = XCBuildConfiguration;
			buildSettings = {
				ALWAYS_SEARCH_USER_PATHS = NO;
				CLANG_CXX_LANGUAGE_STANDARD = "gnu++0x";
				CLANG_CXX_LIBRARY = "libc++";
				CLANG_ENABLE_MODULES = YES;
				CLANG_ENABLE_OBJC_ARC = YES;
				CLANG_WARN_BOOL_CONVERSION = YES;
				CLANG_WARN_CONSTANT_CONVERSION = YES;
				CLANG_WARN_DIRECT_OBJC_ISA_USAGE = YES_ERROR;
				CLANG_WARN_EMPTY_BODY = YES;
				CLANG_WARN_ENUM_CONVERSION = YES;
				CLANG_WARN_INT_CONVERSION = YES;
				CLANG_WARN_OBJC_ROOT_CLASS = YES_ERROR;
				CLANG_WARN_UNREACHABLE_CODE = YES;
				CLANG_WARN__DUPLICATE_METHOD_MATCH = YES;
				"CODE_SIGN_IDENTITY[sdk=iphoneos*]" = "iPhone Developer";
				COPY_PHASE_STRIP = NO;
				ENABLE_NS_ASSERTIONS = NO;
				ENABLE_STRICT_OBJC_MSGSEND = YES;
				GCC_C_LANGUAGE_STANDARD = gnu99;
				GCC_WARN_64_TO_32_BIT_CONVERSION = YES;
				GCC_WARN_ABOUT_RETURN_TYPE = YES_ERROR;
				GCC_WARN_UNDECLARED_SELECTOR = YES;
				GCC_WARN_UNINITIALIZED_AUTOS = YES_AGGRESSIVE;
				GCC_WARN_UNUSED_FUNCTION = YES;
				GCC_WARN_UNUSED_VARIABLE = YES;
				IPHONEOS_DEPLOYMENT_TARGET = 8.2;
				MTL_ENABLE_DEBUG_INFO = NO;
				SDKROOT = iphoneos;
				TARGETED_DEVICE_FAMILY = "1,2";
				VALIDATE_PRODUCT = YES;
			};
			name = Release;
		};
		56B172D71AC1D55F004575DD /* Debug */ = {
			isa = XCBuildConfiguration;
			buildSettings = {
				ASSETCATALOG_COMPILER_APPICON_NAME = AppIcon;
				ASSETCATALOG_COMPILER_LAUNCHIMAGE_NAME = "LaunchImage-2";
				CODE_SIGN_IDENTITY = "iPhone Developer";
				"CODE_SIGN_IDENTITY[sdk=iphoneos*]" = "iPhone Developer";
				DEFINES_MODULE = YES;
				INFOPLIST_FILE = FiveByFive/Info.plist;
				IPHONEOS_DEPLOYMENT_TARGET = 7.1;
				LD_RUNPATH_SEARCH_PATHS = "$(inherited) @executable_path/Frameworks";
				LIBRARY_SEARCH_PATHS = (
					"$(inherited)",
					"$(PROJECT_DIR)/FiveByFive",
				);
				PRODUCT_NAME = "$(TARGET_NAME)";
				PROVISIONING_PROFILE = "5920bf72-8f14-4be6-8cb0-f0f6f8c08214";
				SWIFT_OBJC_BRIDGING_HEADER = "./FiveByFive/FivebyFive-Bridging-Header.h";
				TARGETED_DEVICE_FAMILY = 1;
				VALID_ARCHS = "arm64 armv7 armv7s armv6";
			};
			name = Debug;
		};
		56B172D81AC1D55F004575DD /* Release */ = {
			isa = XCBuildConfiguration;
			buildSettings = {
				ASSETCATALOG_COMPILER_APPICON_NAME = AppIcon;
				ASSETCATALOG_COMPILER_LAUNCHIMAGE_NAME = "LaunchImage-2";
				CODE_SIGN_IDENTITY = "iPhone Developer";
				"CODE_SIGN_IDENTITY[sdk=iphoneos*]" = "iPhone Developer";
				DEFINES_MODULE = YES;
				INFOPLIST_FILE = FiveByFive/Info.plist;
				IPHONEOS_DEPLOYMENT_TARGET = 7.1;
				LD_RUNPATH_SEARCH_PATHS = "$(inherited) @executable_path/Frameworks";
				LIBRARY_SEARCH_PATHS = (
					"$(inherited)",
					"$(PROJECT_DIR)/FiveByFive",
				);
				PRODUCT_NAME = "$(TARGET_NAME)";
				PROVISIONING_PROFILE = "5920bf72-8f14-4be6-8cb0-f0f6f8c08214";
				SWIFT_OBJC_BRIDGING_HEADER = "./FiveByFive/FivebyFive-Bridging-Header.h";
				TARGETED_DEVICE_FAMILY = 1;
				VALID_ARCHS = "arm64 armv7 armv7s armv6";
			};
			name = Release;
		};
		56B172DA1AC1D55F004575DD /* Debug */ = {
			isa = XCBuildConfiguration;
			buildSettings = {
				BUNDLE_LOADER = "$(TEST_HOST)";
				FRAMEWORK_SEARCH_PATHS = (
					"$(SDKROOT)/Developer/Library/Frameworks",
					"$(inherited)",
				);
				GCC_PREPROCESSOR_DEFINITIONS = (
					"DEBUG=1",
					"$(inherited)",
				);
				INFOPLIST_FILE = FiveByFiveTests/Info.plist;
				LD_RUNPATH_SEARCH_PATHS = "$(inherited) @executable_path/Frameworks @loader_path/Frameworks";
				PRODUCT_NAME = "$(TARGET_NAME)";
				TEST_HOST = "$(BUILT_PRODUCTS_DIR)/FiveByFive.app/FiveByFive";
			};
			name = Debug;
		};
		56B172DB1AC1D55F004575DD /* Release */ = {
			isa = XCBuildConfiguration;
			buildSettings = {
				BUNDLE_LOADER = "$(TEST_HOST)";
				FRAMEWORK_SEARCH_PATHS = (
					"$(SDKROOT)/Developer/Library/Frameworks",
					"$(inherited)",
				);
				INFOPLIST_FILE = FiveByFiveTests/Info.plist;
				LD_RUNPATH_SEARCH_PATHS = "$(inherited) @executable_path/Frameworks @loader_path/Frameworks";
				PRODUCT_NAME = "$(TARGET_NAME)";
				TEST_HOST = "$(BUILT_PRODUCTS_DIR)/FiveByFive.app/FiveByFive";
			};
			name = Release;
		};
/* End XCBuildConfiguration section */

/* Begin XCConfigurationList section */
		56949E8A1ADB1B19001784B3 /* Build configuration list for PBXNativeTarget "FiveByFive WatchKit App" */ = {
			isa = XCConfigurationList;
			buildConfigurations = (
				56949E8B1ADB1B19001784B3 /* Debug */,
				56949E8C1ADB1B19001784B3 /* Release */,
			);
			defaultConfigurationIsVisible = 0;
			defaultConfigurationName = Release;
		};
		56949E8D1ADB1B19001784B3 /* Build configuration list for PBXNativeTarget "FiveByFive WatchKit Extension" */ = {
			isa = XCConfigurationList;
			buildConfigurations = (
				56949E8E1ADB1B19001784B3 /* Debug */,
				56949E8F1ADB1B19001784B3 /* Release */,
			);
			defaultConfigurationIsVisible = 0;
			defaultConfigurationName = Release;
		};
		56B172AE1AC1D55F004575DD /* Build configuration list for PBXProject "FiveByFive" */ = {
			isa = XCConfigurationList;
			buildConfigurations = (
				56B172D41AC1D55F004575DD /* Debug */,
				56B172D51AC1D55F004575DD /* Release */,
			);
			defaultConfigurationIsVisible = 0;
			defaultConfigurationName = Release;
		};
		56B172D61AC1D55F004575DD /* Build configuration list for PBXNativeTarget "FiveByFive" */ = {
			isa = XCConfigurationList;
			buildConfigurations = (
				56B172D71AC1D55F004575DD /* Debug */,
				56B172D81AC1D55F004575DD /* Release */,
			);
			defaultConfigurationIsVisible = 0;
			defaultConfigurationName = Release;
		};
		56B172D91AC1D55F004575DD /* Build configuration list for PBXNativeTarget "FiveByFiveTests" */ = {
			isa = XCConfigurationList;
			buildConfigurations = (
				56B172DA1AC1D55F004575DD /* Debug */,
				56B172DB1AC1D55F004575DD /* Release */,
			);
			defaultConfigurationIsVisible = 0;
			defaultConfigurationName = Release;
		};
/* End XCConfigurationList section */
	};
	rootObject = 56B172AB1AC1D55F004575DD /* Project object */;
}
